// !$*UTF8*$!
{
	archiveVersion = 1;
	classes = {
	};
	objectVersion = 56;
	objects = {

/* Begin PBXBuildFile section */
		6A4FA3FB290DAD2200137437 /* PYSectionView.swift in Sources */ = {isa = PBXBuildFile; fileRef = 6A4FA3FA290DAD2200137437 /* PYSectionView.swift */; };
		6A4FA3FD290DB37E00137437 /* UIHelper.swift in Sources */ = {isa = PBXBuildFile; fileRef = 6A4FA3FC290DB37E00137437 /* UIHelper.swift */; };
		6A4FA400290DCBF300137437 /* UIView+PinToEdges.swift in Sources */ = {isa = PBXBuildFile; fileRef = 6A4FA3FF290DCBF300137437 /* UIView+PinToEdges.swift */; };
		6AB1C9482911082100042527 /* User.swift in Sources */ = {isa = PBXBuildFile; fileRef = 6AB1C9472911082100042527 /* User.swift */; };
		6AB1C94A291109BA00042527 /* Cart.swift in Sources */ = {isa = PBXBuildFile; fileRef = 6AB1C949291109BA00042527 /* Cart.swift */; };
		6AB1C94C29111D9F00042527 /* Product.swift in Sources */ = {isa = PBXBuildFile; fileRef = 6AB1C94B29111D9F00042527 /* Product.swift */; };
		6AECFC2D2908136E0020B98A /* AppDelegate.swift in Sources */ = {isa = PBXBuildFile; fileRef = 6AECFC2C2908136E0020B98A /* AppDelegate.swift */; };
		6AECFC362908136F0020B98A /* Assets.xcassets in Resources */ = {isa = PBXBuildFile; fileRef = 6AECFC352908136F0020B98A /* Assets.xcassets */; };
		6AECFC392908136F0020B98A /* LaunchScreen.storyboard in Resources */ = {isa = PBXBuildFile; fileRef = 6AECFC372908136F0020B98A /* LaunchScreen.storyboard */; };
		6AECFC442908136F0020B98A /* PazaryeriTests.swift in Sources */ = {isa = PBXBuildFile; fileRef = 6AECFC432908136F0020B98A /* PazaryeriTests.swift */; };
		6AECFC4E2908136F0020B98A /* PazaryeriUITests.swift in Sources */ = {isa = PBXBuildFile; fileRef = 6AECFC4D2908136F0020B98A /* PazaryeriUITests.swift */; };
		6AECFC502908136F0020B98A /* PazaryeriUITestsLaunchTests.swift in Sources */ = {isa = PBXBuildFile; fileRef = 6AECFC4F2908136F0020B98A /* PazaryeriUITestsLaunchTests.swift */; };
		6AECFC5F290A96FE0020B98A /* PYMainTabBarController.swift in Sources */ = {isa = PBXBuildFile; fileRef = 6AECFC5E290A96FE0020B98A /* PYMainTabBarController.swift */; };
		6AECFC61290A976D0020B98A /* ProductsViewController.swift in Sources */ = {isa = PBXBuildFile; fileRef = 6AECFC60290A976D0020B98A /* ProductsViewController.swift */; };
		6AECFC63290A977B0020B98A /* SearchViewController.swift in Sources */ = {isa = PBXBuildFile; fileRef = 6AECFC62290A977B0020B98A /* SearchViewController.swift */; };
		6AECFC65290A97850020B98A /* ProfileViewController.swift in Sources */ = {isa = PBXBuildFile; fileRef = 6AECFC64290A97850020B98A /* ProfileViewController.swift */; };
		6AECFC68290AA20F0020B98A /* Constants.swift in Sources */ = {isa = PBXBuildFile; fileRef = 6AECFC67290AA20F0020B98A /* Constants.swift */; };
		6AECFC6C290AD8950020B98A /* PYButton.swift in Sources */ = {isa = PBXBuildFile; fileRef = 6AECFC6B290AD8950020B98A /* PYButton.swift */; };
		6AECFC6E290C36DE0020B98A /* ProductCell.swift in Sources */ = {isa = PBXBuildFile; fileRef = 6AECFC6D290C36DE0020B98A /* ProductCell.swift */; };
		6AECFC70290C41610020B98A /* PYTitleLabel.swift in Sources */ = {isa = PBXBuildFile; fileRef = 6AECFC6F290C41610020B98A /* PYTitleLabel.swift */; };
		6AECFC72290C47E80020B98A /* PYSecondaryTitleLabel.swift in Sources */ = {isa = PBXBuildFile; fileRef = 6AECFC71290C47E80020B98A /* PYSecondaryTitleLabel.swift */; };
		6AECFC74290C7FA80020B98A /* PYProductImageView.swift in Sources */ = {isa = PBXBuildFile; fileRef = 6AECFC73290C7FA80020B98A /* PYProductImageView.swift */; };
		6AECFC76290D83430020B98A /* PYBodyLabel.swift in Sources */ = {isa = PBXBuildFile; fileRef = 6AECFC75290D83430020B98A /* PYBodyLabel.swift */; };
		6AF64F8D290E4CD1004A35AA /* PYCartButton.swift in Sources */ = {isa = PBXBuildFile; fileRef = 6AF64F8C290E4CD1004A35AA /* PYCartButton.swift */; };
		6AF64F92290EF1E8004A35AA /* Double+CurrencyString.swift in Sources */ = {isa = PBXBuildFile; fileRef = 6AF64F91290EF1E8004A35AA /* Double+CurrencyString.swift */; };
		6AF64F942910812C004A35AA /* UIBarButtonItem+Toggle.swift in Sources */ = {isa = PBXBuildFile; fileRef = 6AF64F932910812C004A35AA /* UIBarButtonItem+Toggle.swift */; };
/* End PBXBuildFile section */

/* Begin PBXContainerItemProxy section */
		6AECFC402908136F0020B98A /* PBXContainerItemProxy */ = {
			isa = PBXContainerItemProxy;
			containerPortal = 6AECFC212908136E0020B98A /* Project object */;
			proxyType = 1;
			remoteGlobalIDString = 6AECFC282908136E0020B98A;
			remoteInfo = Pazaryeri;
		};
		6AECFC4A2908136F0020B98A /* PBXContainerItemProxy */ = {
			isa = PBXContainerItemProxy;
			containerPortal = 6AECFC212908136E0020B98A /* Project object */;
			proxyType = 1;
			remoteGlobalIDString = 6AECFC282908136E0020B98A;
			remoteInfo = Pazaryeri;
		};
/* End PBXContainerItemProxy section */

/* Begin PBXFileReference section */
		6A4FA3FA290DAD2200137437 /* PYSectionView.swift */ = {isa = PBXFileReference; lastKnownFileType = sourcecode.swift; path = PYSectionView.swift; sourceTree = "<group>"; };
		6A4FA3FC290DB37E00137437 /* UIHelper.swift */ = {isa = PBXFileReference; lastKnownFileType = sourcecode.swift; path = UIHelper.swift; sourceTree = "<group>"; };
		6A4FA3FF290DCBF300137437 /* UIView+PinToEdges.swift */ = {isa = PBXFileReference; lastKnownFileType = sourcecode.swift; path = "UIView+PinToEdges.swift"; sourceTree = "<group>"; };
		6AB1C9472911082100042527 /* User.swift */ = {isa = PBXFileReference; lastKnownFileType = sourcecode.swift; path = User.swift; sourceTree = "<group>"; };
		6AB1C949291109BA00042527 /* Cart.swift */ = {isa = PBXFileReference; lastKnownFileType = sourcecode.swift; path = Cart.swift; sourceTree = "<group>"; };
		6AB1C94B29111D9F00042527 /* Product.swift */ = {isa = PBXFileReference; lastKnownFileType = sourcecode.swift; path = Product.swift; sourceTree = "<group>"; };
		6AECFC292908136E0020B98A /* Pazaryeri.app */ = {isa = PBXFileReference; explicitFileType = wrapper.application; includeInIndex = 0; path = Pazaryeri.app; sourceTree = BUILT_PRODUCTS_DIR; };
		6AECFC2C2908136E0020B98A /* AppDelegate.swift */ = {isa = PBXFileReference; lastKnownFileType = sourcecode.swift; path = AppDelegate.swift; sourceTree = "<group>"; };
		6AECFC352908136F0020B98A /* Assets.xcassets */ = {isa = PBXFileReference; lastKnownFileType = folder.assetcatalog; path = Assets.xcassets; sourceTree = "<group>"; };
		6AECFC382908136F0020B98A /* Base */ = {isa = PBXFileReference; lastKnownFileType = file.storyboard; name = Base; path = Base.lproj/LaunchScreen.storyboard; sourceTree = "<group>"; };
		6AECFC3A2908136F0020B98A /* Info.plist */ = {isa = PBXFileReference; lastKnownFileType = text.plist.xml; path = Info.plist; sourceTree = "<group>"; };
		6AECFC3F2908136F0020B98A /* PazaryeriTests.xctest */ = {isa = PBXFileReference; explicitFileType = wrapper.cfbundle; includeInIndex = 0; path = PazaryeriTests.xctest; sourceTree = BUILT_PRODUCTS_DIR; };
		6AECFC432908136F0020B98A /* PazaryeriTests.swift */ = {isa = PBXFileReference; lastKnownFileType = sourcecode.swift; path = PazaryeriTests.swift; sourceTree = "<group>"; };
		6AECFC492908136F0020B98A /* PazaryeriUITests.xctest */ = {isa = PBXFileReference; explicitFileType = wrapper.cfbundle; includeInIndex = 0; path = PazaryeriUITests.xctest; sourceTree = BUILT_PRODUCTS_DIR; };
		6AECFC4D2908136F0020B98A /* PazaryeriUITests.swift */ = {isa = PBXFileReference; lastKnownFileType = sourcecode.swift; path = PazaryeriUITests.swift; sourceTree = "<group>"; };
		6AECFC4F2908136F0020B98A /* PazaryeriUITestsLaunchTests.swift */ = {isa = PBXFileReference; lastKnownFileType = sourcecode.swift; path = PazaryeriUITestsLaunchTests.swift; sourceTree = "<group>"; };
		6AECFC5E290A96FE0020B98A /* PYMainTabBarController.swift */ = {isa = PBXFileReference; lastKnownFileType = sourcecode.swift; path = PYMainTabBarController.swift; sourceTree = "<group>"; };
		6AECFC60290A976D0020B98A /* ProductsViewController.swift */ = {isa = PBXFileReference; lastKnownFileType = sourcecode.swift; path = ProductsViewController.swift; sourceTree = "<group>"; };
		6AECFC62290A977B0020B98A /* SearchViewController.swift */ = {isa = PBXFileReference; lastKnownFileType = sourcecode.swift; path = SearchViewController.swift; sourceTree = "<group>"; };
		6AECFC64290A97850020B98A /* ProfileViewController.swift */ = {isa = PBXFileReference; lastKnownFileType = sourcecode.swift; path = ProfileViewController.swift; sourceTree = "<group>"; };
		6AECFC67290AA20F0020B98A /* Constants.swift */ = {isa = PBXFileReference; lastKnownFileType = sourcecode.swift; path = Constants.swift; sourceTree = "<group>"; };
		6AECFC6B290AD8950020B98A /* PYButton.swift */ = {isa = PBXFileReference; lastKnownFileType = sourcecode.swift; path = PYButton.swift; sourceTree = "<group>"; };
		6AECFC6D290C36DE0020B98A /* ProductCell.swift */ = {isa = PBXFileReference; lastKnownFileType = sourcecode.swift; path = ProductCell.swift; sourceTree = "<group>"; };
		6AECFC6F290C41610020B98A /* PYTitleLabel.swift */ = {isa = PBXFileReference; lastKnownFileType = sourcecode.swift; path = PYTitleLabel.swift; sourceTree = "<group>"; };
		6AECFC71290C47E80020B98A /* PYSecondaryTitleLabel.swift */ = {isa = PBXFileReference; lastKnownFileType = sourcecode.swift; path = PYSecondaryTitleLabel.swift; sourceTree = "<group>"; };
		6AECFC73290C7FA80020B98A /* PYProductImageView.swift */ = {isa = PBXFileReference; lastKnownFileType = sourcecode.swift; path = PYProductImageView.swift; sourceTree = "<group>"; };
		6AECFC75290D83430020B98A /* PYBodyLabel.swift */ = {isa = PBXFileReference; lastKnownFileType = sourcecode.swift; path = PYBodyLabel.swift; sourceTree = "<group>"; };
		6AF64F8C290E4CD1004A35AA /* PYCartButton.swift */ = {isa = PBXFileReference; lastKnownFileType = sourcecode.swift; path = PYCartButton.swift; sourceTree = "<group>"; };
		6AF64F91290EF1E8004A35AA /* Double+CurrencyString.swift */ = {isa = PBXFileReference; lastKnownFileType = sourcecode.swift; path = "Double+CurrencyString.swift"; sourceTree = "<group>"; };
		6AF64F932910812C004A35AA /* UIBarButtonItem+Toggle.swift */ = {isa = PBXFileReference; lastKnownFileType = sourcecode.swift; path = "UIBarButtonItem+Toggle.swift"; sourceTree = "<group>"; };
/* End PBXFileReference section */

/* Begin PBXFrameworksBuildPhase section */
		6AECFC262908136E0020B98A /* Frameworks */ = {
			isa = PBXFrameworksBuildPhase;
			buildActionMask = 2147483647;
			files = (
			);
			runOnlyForDeploymentPostprocessing = 0;
		};
		6AECFC3C2908136F0020B98A /* Frameworks */ = {
			isa = PBXFrameworksBuildPhase;
			buildActionMask = 2147483647;
			files = (
			);
			runOnlyForDeploymentPostprocessing = 0;
		};
		6AECFC462908136F0020B98A /* Frameworks */ = {
			isa = PBXFrameworksBuildPhase;
			buildActionMask = 2147483647;
			files = (
			);
			runOnlyForDeploymentPostprocessing = 0;
		};
/* End PBXFrameworksBuildPhase section */

/* Begin PBXGroup section */
		6A4FA3FE290DCBD700137437 /* Extensions */ = {
			isa = PBXGroup;
			children = (
				6A4FA3FF290DCBF300137437 /* UIView+PinToEdges.swift */,
				6AF64F91290EF1E8004A35AA /* Double+CurrencyString.swift */,
				6AF64F932910812C004A35AA /* UIBarButtonItem+Toggle.swift */,
			);
			path = Extensions;
			sourceTree = "<group>";
		};
		6AB1C9462911080300042527 /* Models */ = {
			isa = PBXGroup;
			children = (
				6AB1C9472911082100042527 /* User.swift */,
				6AB1C949291109BA00042527 /* Cart.swift */,
				6AB1C94B29111D9F00042527 /* Product.swift */,
			);
			path = Models;
			sourceTree = "<group>";
		};
		6AECFC202908136E0020B98A = {
			isa = PBXGroup;
			children = (
				6AECFC2B2908136E0020B98A /* Pazaryeri */,
				6AECFC422908136F0020B98A /* PazaryeriTests */,
				6AECFC4C2908136F0020B98A /* PazaryeriUITests */,
				6AECFC2A2908136E0020B98A /* Products */,
			);
			sourceTree = "<group>";
		};
		6AECFC2A2908136E0020B98A /* Products */ = {
			isa = PBXGroup;
			children = (
				6AECFC292908136E0020B98A /* Pazaryeri.app */,
				6AECFC3F2908136F0020B98A /* PazaryeriTests.xctest */,
				6AECFC492908136F0020B98A /* PazaryeriUITests.xctest */,
			);
			name = Products;
			sourceTree = "<group>";
		};
		6AECFC2B2908136E0020B98A /* Pazaryeri */ = {
			isa = PBXGroup;
			children = (
				6AB1C9462911080300042527 /* Models */,
				6A4FA3FE290DCBD700137437 /* Extensions */,
				6AECFC6A290AD8770020B98A /* Components */,
				6AECFC66290AA1E80020B98A /* Utilities */,
				6AECFC2C2908136E0020B98A /* AppDelegate.swift */,
				6AECFC352908136F0020B98A /* Assets.xcassets */,
				6AECFC372908136F0020B98A /* LaunchScreen.storyboard */,
				6AECFC3A2908136F0020B98A /* Info.plist */,
				6AECFC5E290A96FE0020B98A /* PYMainTabBarController.swift */,
				6AECFC60290A976D0020B98A /* ProductsViewController.swift */,
				6AECFC62290A977B0020B98A /* SearchViewController.swift */,
				6AECFC64290A97850020B98A /* ProfileViewController.swift */,
			);
			path = Pazaryeri;
			sourceTree = "<group>";
		};
		6AECFC422908136F0020B98A /* PazaryeriTests */ = {
			isa = PBXGroup;
			children = (
				6AECFC432908136F0020B98A /* PazaryeriTests.swift */,
			);
			path = PazaryeriTests;
			sourceTree = "<group>";
		};
		6AECFC4C2908136F0020B98A /* PazaryeriUITests */ = {
			isa = PBXGroup;
			children = (
				6AECFC4D2908136F0020B98A /* PazaryeriUITests.swift */,
				6AECFC4F2908136F0020B98A /* PazaryeriUITestsLaunchTests.swift */,
			);
			path = PazaryeriUITests;
			sourceTree = "<group>";
		};
		6AECFC66290AA1E80020B98A /* Utilities */ = {
			isa = PBXGroup;
			children = (
				6AECFC67290AA20F0020B98A /* Constants.swift */,
				6A4FA3FC290DB37E00137437 /* UIHelper.swift */,
			);
			path = Utilities;
			sourceTree = "<group>";
		};
		6AECFC6A290AD8770020B98A /* Components */ = {
			isa = PBXGroup;
			children = (
				6AF64F89290E4C7A004A35AA /* Buttons */,
				6AF64F8B290E4CA7004A35AA /* Cells */,
				6AF64F8A290E4C87004A35AA /* Labels */,
				6AF64F90290EB578004A35AA /* Views */,
			);
			path = Components;
			sourceTree = "<group>";
		};
		6AF64F89290E4C7A004A35AA /* Buttons */ = {
			isa = PBXGroup;
			children = (
				6AECFC6B290AD8950020B98A /* PYButton.swift */,
				6AF64F8C290E4CD1004A35AA /* PYCartButton.swift */,
			);
			path = Buttons;
			sourceTree = "<group>";
		};
		6AF64F8A290E4C87004A35AA /* Labels */ = {
			isa = PBXGroup;
			children = (
				6AECFC6F290C41610020B98A /* PYTitleLabel.swift */,
				6AECFC71290C47E80020B98A /* PYSecondaryTitleLabel.swift */,
				6AECFC75290D83430020B98A /* PYBodyLabel.swift */,
			);
			path = Labels;
			sourceTree = "<group>";
		};
		6AF64F8B290E4CA7004A35AA /* Cells */ = {
			isa = PBXGroup;
			children = (
				6AECFC6D290C36DE0020B98A /* ProductCell.swift */,
			);
			path = Cells;
			sourceTree = "<group>";
		};
		6AF64F90290EB578004A35AA /* Views */ = {
			isa = PBXGroup;
			children = (
				6AECFC73290C7FA80020B98A /* PYProductImageView.swift */,
				6A4FA3FA290DAD2200137437 /* PYSectionView.swift */,
			);
			path = Views;
			sourceTree = "<group>";
		};
/* End PBXGroup section */

/* Begin PBXNativeTarget section */
		6AECFC282908136E0020B98A /* Pazaryeri */ = {
			isa = PBXNativeTarget;
			buildConfigurationList = 6AECFC532908136F0020B98A /* Build configuration list for PBXNativeTarget "Pazaryeri" */;
			buildPhases = (
				6AECFC252908136E0020B98A /* Sources */,
				6AECFC262908136E0020B98A /* Frameworks */,
				6AECFC272908136E0020B98A /* Resources */,
			);
			buildRules = (
			);
			dependencies = (
			);
			name = Pazaryeri;
			productName = Pazaryeri;
			productReference = 6AECFC292908136E0020B98A /* Pazaryeri.app */;
			productType = "com.apple.product-type.application";
		};
		6AECFC3E2908136F0020B98A /* PazaryeriTests */ = {
			isa = PBXNativeTarget;
			buildConfigurationList = 6AECFC562908136F0020B98A /* Build configuration list for PBXNativeTarget "PazaryeriTests" */;
			buildPhases = (
				6AECFC3B2908136F0020B98A /* Sources */,
				6AECFC3C2908136F0020B98A /* Frameworks */,
				6AECFC3D2908136F0020B98A /* Resources */,
			);
			buildRules = (
			);
			dependencies = (
				6AECFC412908136F0020B98A /* PBXTargetDependency */,
			);
			name = PazaryeriTests;
			productName = PazaryeriTests;
			productReference = 6AECFC3F2908136F0020B98A /* PazaryeriTests.xctest */;
			productType = "com.apple.product-type.bundle.unit-test";
		};
		6AECFC482908136F0020B98A /* PazaryeriUITests */ = {
			isa = PBXNativeTarget;
			buildConfigurationList = 6AECFC592908136F0020B98A /* Build configuration list for PBXNativeTarget "PazaryeriUITests" */;
			buildPhases = (
				6AECFC452908136F0020B98A /* Sources */,
				6AECFC462908136F0020B98A /* Frameworks */,
				6AECFC472908136F0020B98A /* Resources */,
			);
			buildRules = (
			);
			dependencies = (
				6AECFC4B2908136F0020B98A /* PBXTargetDependency */,
			);
			name = PazaryeriUITests;
			productName = PazaryeriUITests;
			productReference = 6AECFC492908136F0020B98A /* PazaryeriUITests.xctest */;
			productType = "com.apple.product-type.bundle.ui-testing";
		};
/* End PBXNativeTarget section */

/* Begin PBXProject section */
		6AECFC212908136E0020B98A /* Project object */ = {
			isa = PBXProject;
			attributes = {
				BuildIndependentTargetsInParallel = 1;
				LastSwiftUpdateCheck = 1400;
				LastUpgradeCheck = 1400;
				TargetAttributes = {
					6AECFC282908136E0020B98A = {
						CreatedOnToolsVersion = 14.0.1;
					};
					6AECFC3E2908136F0020B98A = {
						CreatedOnToolsVersion = 14.0.1;
						TestTargetID = 6AECFC282908136E0020B98A;
					};
					6AECFC482908136F0020B98A = {
						CreatedOnToolsVersion = 14.0.1;
						TestTargetID = 6AECFC282908136E0020B98A;
					};
				};
			};
			buildConfigurationList = 6AECFC242908136E0020B98A /* Build configuration list for PBXProject "Pazaryeri" */;
			compatibilityVersion = "Xcode 14.0";
			developmentRegion = en;
			hasScannedForEncodings = 0;
			knownRegions = (
				en,
				Base,
			);
			mainGroup = 6AECFC202908136E0020B98A;
			productRefGroup = 6AECFC2A2908136E0020B98A /* Products */;
			projectDirPath = "";
			projectRoot = "";
			targets = (
				6AECFC282908136E0020B98A /* Pazaryeri */,
				6AECFC3E2908136F0020B98A /* PazaryeriTests */,
				6AECFC482908136F0020B98A /* PazaryeriUITests */,
			);
		};
/* End PBXProject section */

/* Begin PBXResourcesBuildPhase section */
		6AECFC272908136E0020B98A /* Resources */ = {
			isa = PBXResourcesBuildPhase;
			buildActionMask = 2147483647;
			files = (
				6AECFC392908136F0020B98A /* LaunchScreen.storyboard in Resources */,
				6AECFC362908136F0020B98A /* Assets.xcassets in Resources */,
			);
			runOnlyForDeploymentPostprocessing = 0;
		};
		6AECFC3D2908136F0020B98A /* Resources */ = {
			isa = PBXResourcesBuildPhase;
			buildActionMask = 2147483647;
			files = (
			);
			runOnlyForDeploymentPostprocessing = 0;
		};
		6AECFC472908136F0020B98A /* Resources */ = {
			isa = PBXResourcesBuildPhase;
			buildActionMask = 2147483647;
			files = (
			);
			runOnlyForDeploymentPostprocessing = 0;
		};
/* End PBXResourcesBuildPhase section */

/* Begin PBXSourcesBuildPhase section */
		6AECFC252908136E0020B98A /* Sources */ = {
			isa = PBXSourcesBuildPhase;
			buildActionMask = 2147483647;
			files = (
				6AECFC61290A976D0020B98A /* ProductsViewController.swift in Sources */,
				6AF64F942910812C004A35AA /* UIBarButtonItem+Toggle.swift in Sources */,
				6AECFC5F290A96FE0020B98A /* PYMainTabBarController.swift in Sources */,
				6AECFC65290A97850020B98A /* ProfileViewController.swift in Sources */,
				6AECFC63290A977B0020B98A /* SearchViewController.swift in Sources */,
				6AECFC2D2908136E0020B98A /* AppDelegate.swift in Sources */,
				6AECFC70290C41610020B98A /* PYTitleLabel.swift in Sources */,
				6AB1C94A291109BA00042527 /* Cart.swift in Sources */,
				6AF64F8D290E4CD1004A35AA /* PYCartButton.swift in Sources */,
				6AECFC74290C7FA80020B98A /* PYProductImageView.swift in Sources */,
				6A4FA400290DCBF300137437 /* UIView+PinToEdges.swift in Sources */,
				6A4FA3FD290DB37E00137437 /* UIHelper.swift in Sources */,
				6AECFC6E290C36DE0020B98A /* ProductCell.swift in Sources */,
				6AF64F92290EF1E8004A35AA /* Double+CurrencyString.swift in Sources */,
				6AECFC72290C47E80020B98A /* PYSecondaryTitleLabel.swift in Sources */,
				6A4FA3FB290DAD2200137437 /* PYSectionView.swift in Sources */,
				6AECFC6C290AD8950020B98A /* PYButton.swift in Sources */,
				6AECFC68290AA20F0020B98A /* Constants.swift in Sources */,
				6AECFC76290D83430020B98A /* PYBodyLabel.swift in Sources */,
				6AB1C9482911082100042527 /* User.swift in Sources */,
				6AB1C94C29111D9F00042527 /* Product.swift in Sources */,
			);
			runOnlyForDeploymentPostprocessing = 0;
		};
		6AECFC3B2908136F0020B98A /* Sources */ = {
			isa = PBXSourcesBuildPhase;
			buildActionMask = 2147483647;
			files = (
				6AECFC442908136F0020B98A /* PazaryeriTests.swift in Sources */,
			);
			runOnlyForDeploymentPostprocessing = 0;
		};
		6AECFC452908136F0020B98A /* Sources */ = {
			isa = PBXSourcesBuildPhase;
			buildActionMask = 2147483647;
			files = (
				6AECFC502908136F0020B98A /* PazaryeriUITestsLaunchTests.swift in Sources */,
				6AECFC4E2908136F0020B98A /* PazaryeriUITests.swift in Sources */,
			);
			runOnlyForDeploymentPostprocessing = 0;
		};
/* End PBXSourcesBuildPhase section */

/* Begin PBXTargetDependency section */
		6AECFC412908136F0020B98A /* PBXTargetDependency */ = {
			isa = PBXTargetDependency;
			target = 6AECFC282908136E0020B98A /* Pazaryeri */;
			targetProxy = 6AECFC402908136F0020B98A /* PBXContainerItemProxy */;
		};
		6AECFC4B2908136F0020B98A /* PBXTargetDependency */ = {
			isa = PBXTargetDependency;
			target = 6AECFC282908136E0020B98A /* Pazaryeri */;
			targetProxy = 6AECFC4A2908136F0020B98A /* PBXContainerItemProxy */;
		};
/* End PBXTargetDependency section */

/* Begin PBXVariantGroup section */
		6AECFC372908136F0020B98A /* LaunchScreen.storyboard */ = {
			isa = PBXVariantGroup;
			children = (
				6AECFC382908136F0020B98A /* Base */,
			);
			name = LaunchScreen.storyboard;
			sourceTree = "<group>";
		};
/* End PBXVariantGroup section */

/* Begin XCBuildConfiguration section */
		6AECFC512908136F0020B98A /* Debug */ = {
			isa = XCBuildConfiguration;
			buildSettings = {
				ALWAYS_SEARCH_USER_PATHS = NO;
				CLANG_ANALYZER_NONNULL = YES;
				CLANG_ANALYZER_NUMBER_OBJECT_CONVERSION = YES_AGGRESSIVE;
				CLANG_CXX_LANGUAGE_STANDARD = "gnu++20";
				CLANG_ENABLE_MODULES = YES;
				CLANG_ENABLE_OBJC_ARC = YES;
				CLANG_ENABLE_OBJC_WEAK = YES;
				CLANG_WARN_BLOCK_CAPTURE_AUTORELEASING = YES;
				CLANG_WARN_BOOL_CONVERSION = YES;
				CLANG_WARN_COMMA = YES;
				CLANG_WARN_CONSTANT_CONVERSION = YES;
				CLANG_WARN_DEPRECATED_OBJC_IMPLEMENTATIONS = YES;
				CLANG_WARN_DIRECT_OBJC_ISA_USAGE = YES_ERROR;
				CLANG_WARN_DOCUMENTATION_COMMENTS = YES;
				CLANG_WARN_EMPTY_BODY = YES;
				CLANG_WARN_ENUM_CONVERSION = YES;
				CLANG_WARN_INFINITE_RECURSION = YES;
				CLANG_WARN_INT_CONVERSION = YES;
				CLANG_WARN_NON_LITERAL_NULL_CONVERSION = YES;
				CLANG_WARN_OBJC_IMPLICIT_RETAIN_SELF = YES;
				CLANG_WARN_OBJC_LITERAL_CONVERSION = YES;
				CLANG_WARN_OBJC_ROOT_CLASS = YES_ERROR;
				CLANG_WARN_QUOTED_INCLUDE_IN_FRAMEWORK_HEADER = YES;
				CLANG_WARN_RANGE_LOOP_ANALYSIS = YES;
				CLANG_WARN_STRICT_PROTOTYPES = YES;
				CLANG_WARN_SUSPICIOUS_MOVE = YES;
				CLANG_WARN_UNGUARDED_AVAILABILITY = YES_AGGRESSIVE;
				CLANG_WARN_UNREACHABLE_CODE = YES;
				CLANG_WARN__DUPLICATE_METHOD_MATCH = YES;
				COPY_PHASE_STRIP = NO;
				DEBUG_INFORMATION_FORMAT = dwarf;
				ENABLE_STRICT_OBJC_MSGSEND = YES;
				ENABLE_TESTABILITY = YES;
				GCC_C_LANGUAGE_STANDARD = gnu11;
				GCC_DYNAMIC_NO_PIC = NO;
				GCC_NO_COMMON_BLOCKS = YES;
				GCC_OPTIMIZATION_LEVEL = 0;
				GCC_PREPROCESSOR_DEFINITIONS = (
					"DEBUG=1",
					"$(inherited)",
				);
				GCC_WARN_64_TO_32_BIT_CONVERSION = YES;
				GCC_WARN_ABOUT_RETURN_TYPE = YES_ERROR;
				GCC_WARN_UNDECLARED_SELECTOR = YES;
				GCC_WARN_UNINITIALIZED_AUTOS = YES_AGGRESSIVE;
				GCC_WARN_UNUSED_FUNCTION = YES;
				GCC_WARN_UNUSED_VARIABLE = YES;
				IPHONEOS_DEPLOYMENT_TARGET = 12.0;
				MTL_ENABLE_DEBUG_INFO = INCLUDE_SOURCE;
				MTL_FAST_MATH = YES;
				ONLY_ACTIVE_ARCH = YES;
				SDKROOT = iphoneos;
				SWIFT_ACTIVE_COMPILATION_CONDITIONS = DEBUG;
				SWIFT_OPTIMIZATION_LEVEL = "-Onone";
			};
			name = Debug;
		};
		6AECFC522908136F0020B98A /* Release */ = {
			isa = XCBuildConfiguration;
			buildSettings = {
				ALWAYS_SEARCH_USER_PATHS = NO;
				CLANG_ANALYZER_NONNULL = YES;
				CLANG_ANALYZER_NUMBER_OBJECT_CONVERSION = YES_AGGRESSIVE;
				CLANG_CXX_LANGUAGE_STANDARD = "gnu++20";
				CLANG_ENABLE_MODULES = YES;
				CLANG_ENABLE_OBJC_ARC = YES;
				CLANG_ENABLE_OBJC_WEAK = YES;
				CLANG_WARN_BLOCK_CAPTURE_AUTORELEASING = YES;
				CLANG_WARN_BOOL_CONVERSION = YES;
				CLANG_WARN_COMMA = YES;
				CLANG_WARN_CONSTANT_CONVERSION = YES;
				CLANG_WARN_DEPRECATED_OBJC_IMPLEMENTATIONS = YES;
				CLANG_WARN_DIRECT_OBJC_ISA_USAGE = YES_ERROR;
				CLANG_WARN_DOCUMENTATION_COMMENTS = YES;
				CLANG_WARN_EMPTY_BODY = YES;
				CLANG_WARN_ENUM_CONVERSION = YES;
				CLANG_WARN_INFINITE_RECURSION = YES;
				CLANG_WARN_INT_CONVERSION = YES;
				CLANG_WARN_NON_LITERAL_NULL_CONVERSION = YES;
				CLANG_WARN_OBJC_IMPLICIT_RETAIN_SELF = YES;
				CLANG_WARN_OBJC_LITERAL_CONVERSION = YES;
				CLANG_WARN_OBJC_ROOT_CLASS = YES_ERROR;
				CLANG_WARN_QUOTED_INCLUDE_IN_FRAMEWORK_HEADER = YES;
				CLANG_WARN_RANGE_LOOP_ANALYSIS = YES;
				CLANG_WARN_STRICT_PROTOTYPES = YES;
				CLANG_WARN_SUSPICIOUS_MOVE = YES;
				CLANG_WARN_UNGUARDED_AVAILABILITY = YES_AGGRESSIVE;
				CLANG_WARN_UNREACHABLE_CODE = YES;
				CLANG_WARN__DUPLICATE_METHOD_MATCH = YES;
				COPY_PHASE_STRIP = NO;
				DEBUG_INFORMATION_FORMAT = "dwarf-with-dsym";
				ENABLE_NS_ASSERTIONS = NO;
				ENABLE_STRICT_OBJC_MSGSEND = YES;
				GCC_C_LANGUAGE_STANDARD = gnu11;
				GCC_NO_COMMON_BLOCKS = YES;
				GCC_WARN_64_TO_32_BIT_CONVERSION = YES;
				GCC_WARN_ABOUT_RETURN_TYPE = YES_ERROR;
				GCC_WARN_UNDECLARED_SELECTOR = YES;
				GCC_WARN_UNINITIALIZED_AUTOS = YES_AGGRESSIVE;
				GCC_WARN_UNUSED_FUNCTION = YES;
				GCC_WARN_UNUSED_VARIABLE = YES;
				IPHONEOS_DEPLOYMENT_TARGET = 12.0;
				MTL_ENABLE_DEBUG_INFO = NO;
				MTL_FAST_MATH = YES;
				SDKROOT = iphoneos;
				SWIFT_COMPILATION_MODE = wholemodule;
				SWIFT_OPTIMIZATION_LEVEL = "-O";
				VALIDATE_PRODUCT = YES;
			};
			name = Release;
		};
		6AECFC542908136F0020B98A /* Debug */ = {
			isa = XCBuildConfiguration;
			buildSettings = {
				ASSETCATALOG_COMPILER_APPICON_NAME = AppIcon;
				ASSETCATALOG_COMPILER_GLOBAL_ACCENT_COLOR_NAME = AccentColor;
				CODE_SIGN_STYLE = Automatic;
				CURRENT_PROJECT_VERSION = 1;
				GENERATE_INFOPLIST_FILE = YES;
				INFOPLIST_FILE = Pazaryeri/Info.plist;
				INFOPLIST_KEY_UIApplicationSupportsIndirectInputEvents = YES;
				INFOPLIST_KEY_UILaunchStoryboardName = LaunchScreen;
				INFOPLIST_KEY_UISupportedInterfaceOrientations = UIInterfaceOrientationPortrait;
				INFOPLIST_KEY_UISupportedInterfaceOrientations_iPad = "UIInterfaceOrientationLandscapeLeft UIInterfaceOrientationLandscapeRight UIInterfaceOrientationPortrait UIInterfaceOrientationPortraitUpsideDown";
				IPHONEOS_DEPLOYMENT_TARGET = 12.0;
				LD_RUNPATH_SEARCH_PATHS = (
					"$(inherited)",
					"@executable_path/Frameworks",
				);
				MARKETING_VERSION = 0.1;
				PRODUCT_BUNDLE_IDENTIFIER = com.oguzkaanaltun.Pazaryeri;
				PRODUCT_NAME = "$(TARGET_NAME)";
				SUPPORTED_PLATFORMS = "iphoneos iphonesimulator";
				SUPPORTS_MACCATALYST = NO;
				SUPPORTS_MAC_DESIGNED_FOR_IPHONE_IPAD = NO;
				SWIFT_EMIT_LOC_STRINGS = YES;
				SWIFT_VERSION = 5.0;
				TARGETED_DEVICE_FAMILY = 1;
			};
			name = Debug;
		};
		6AECFC552908136F0020B98A /* Release */ = {
			isa = XCBuildConfiguration;
			buildSettings = {
				ASSETCATALOG_COMPILER_APPICON_NAME = AppIcon;
				ASSETCATALOG_COMPILER_GLOBAL_ACCENT_COLOR_NAME = AccentColor;
				CODE_SIGN_STYLE = Automatic;
				CURRENT_PROJECT_VERSION = 1;
				GENERATE_INFOPLIST_FILE = YES;
				INFOPLIST_FILE = Pazaryeri/Info.plist;
				INFOPLIST_KEY_UIApplicationSupportsIndirectInputEvents = YES;
				INFOPLIST_KEY_UILaunchStoryboardName = LaunchScreen;
				INFOPLIST_KEY_UISupportedInterfaceOrientations = UIInterfaceOrientationPortrait;
				INFOPLIST_KEY_UISupportedInterfaceOrientations_iPad = "UIInterfaceOrientationLandscapeLeft UIInterfaceOrientationLandscapeRight UIInterfaceOrientationPortrait UIInterfaceOrientationPortraitUpsideDown";
				IPHONEOS_DEPLOYMENT_TARGET = 12.0;
				LD_RUNPATH_SEARCH_PATHS = (
					"$(inherited)",
					"@executable_path/Frameworks",
				);
				MARKETING_VERSION = 0.1;
				PRODUCT_BUNDLE_IDENTIFIER = com.oguzkaanaltun.Pazaryeri;
				PRODUCT_NAME = "$(TARGET_NAME)";
				SUPPORTED_PLATFORMS = "iphoneos iphonesimulator";
				SUPPORTS_MACCATALYST = NO;
				SUPPORTS_MAC_DESIGNED_FOR_IPHONE_IPAD = NO;
				SWIFT_EMIT_LOC_STRINGS = YES;
				SWIFT_VERSION = 5.0;
				TARGETED_DEVICE_FAMILY = 1;
			};
			name = Release;
		};
		6AECFC572908136F0020B98A /* Debug */ = {
			isa = XCBuildConfiguration;
			buildSettings = {
				ALWAYS_EMBED_SWIFT_STANDARD_LIBRARIES = YES;
				BUNDLE_LOADER = "$(TEST_HOST)";
				CODE_SIGN_STYLE = Automatic;
				CURRENT_PROJECT_VERSION = 1;
				GENERATE_INFOPLIST_FILE = YES;
				IPHONEOS_DEPLOYMENT_TARGET = 16.0;
				MARKETING_VERSION = 1.0;
				PRODUCT_BUNDLE_IDENTIFIER = com.oguzkaanaltun.PazaryeriTests;
				PRODUCT_NAME = "$(TARGET_NAME)";
				SWIFT_EMIT_LOC_STRINGS = NO;
				SWIFT_VERSION = 5.0;
				TARGETED_DEVICE_FAMILY = "1,2";
				TEST_HOST = "$(BUILT_PRODUCTS_DIR)/Pazaryeri.app/$(BUNDLE_EXECUTABLE_FOLDER_PATH)/Pazaryeri";
			};
			name = Debug;
		};
		6AECFC582908136F0020B98A /* Release */ = {
			isa = XCBuildConfiguration;
			buildSettings = {
				ALWAYS_EMBED_SWIFT_STANDARD_LIBRARIES = YES;
				BUNDLE_LOADER = "$(TEST_HOST)";
				CODE_SIGN_STYLE = Automatic;
				CURRENT_PROJECT_VERSION = 1;
				GENERATE_INFOPLIST_FILE = YES;
				IPHONEOS_DEPLOYMENT_TARGET = 16.0;
				MARKETING_VERSION = 1.0;
				PRODUCT_BUNDLE_IDENTIFIER = com.oguzkaanaltun.PazaryeriTests;
				PRODUCT_NAME = "$(TARGET_NAME)";
				SWIFT_EMIT_LOC_STRINGS = NO;
				SWIFT_VERSION = 5.0;
				TARGETED_DEVICE_FAMILY = "1,2";
				TEST_HOST = "$(BUILT_PRODUCTS_DIR)/Pazaryeri.app/$(BUNDLE_EXECUTABLE_FOLDER_PATH)/Pazaryeri";
			};
			name = Release;
		};
		6AECFC5A2908136F0020B98A /* Debug */ = {
			isa = XCBuildConfiguration;
			buildSettings = {
				ALWAYS_EMBED_SWIFT_STANDARD_LIBRARIES = YES;
				CODE_SIGN_STYLE = Automatic;
				CURRENT_PROJECT_VERSION = 1;
				GENERATE_INFOPLIST_FILE = YES;
				MARKETING_VERSION = 1.0;
				PRODUCT_BUNDLE_IDENTIFIER = com.oguzkaanaltun.PazaryeriUITests;
				PRODUCT_NAME = "$(TARGET_NAME)";
				SWIFT_EMIT_LOC_STRINGS = NO;
				SWIFT_VERSION = 5.0;
				TARGETED_DEVICE_FAMILY = "1,2";
				TEST_TARGET_NAME = Pazaryeri;
			};
			name = Debug;
		};
		6AECFC5B2908136F0020B98A /* Release */ = {
			isa = XCBuildConfiguration;
			buildSettings = {
				ALWAYS_EMBED_SWIFT_STANDARD_LIBRARIES = YES;
				CODE_SIGN_STYLE = Automatic;
				CURRENT_PROJECT_VERSION = 1;
				GENERATE_INFOPLIST_FILE = YES;
				MARKETING_VERSION = 1.0;
				PRODUCT_BUNDLE_IDENTIFIER = com.oguzkaanaltun.PazaryeriUITests;
				PRODUCT_NAME = "$(TARGET_NAME)";
				SWIFT_EMIT_LOC_STRINGS = NO;
				SWIFT_VERSION = 5.0;
				TARGETED_DEVICE_FAMILY = "1,2";
				TEST_TARGET_NAME = Pazaryeri;
			};
			name = Release;
		};
/* End XCBuildConfiguration section */

/* Begin XCConfigurationList section */
		6AECFC242908136E0020B98A /* Build configuration list for PBXProject "Pazaryeri" */ = {
			isa = XCConfigurationList;
			buildConfigurations = (
				6AECFC512908136F0020B98A /* Debug */,
				6AECFC522908136F0020B98A /* Release */,
			);
			defaultConfigurationIsVisible = 0;
			defaultConfigurationName = Release;
		};
		6AECFC532908136F0020B98A /* Build configuration list for PBXNativeTarget "Pazaryeri" */ = {
			isa = XCConfigurationList;
			buildConfigurations = (
				6AECFC542908136F0020B98A /* Debug */,
				6AECFC552908136F0020B98A /* Release */,
			);
			defaultConfigurationIsVisible = 0;
			defaultConfigurationName = Release;
		};
		6AECFC562908136F0020B98A /* Build configuration list for PBXNativeTarget "PazaryeriTests" */ = {
			isa = XCConfigurationList;
			buildConfigurations = (
				6AECFC572908136F0020B98A /* Debug */,
				6AECFC582908136F0020B98A /* Release */,
			);
			defaultConfigurationIsVisible = 0;
			defaultConfigurationName = Release;
		};
		6AECFC592908136F0020B98A /* Build configuration list for PBXNativeTarget "PazaryeriUITests" */ = {
			isa = XCConfigurationList;
			buildConfigurations = (
				6AECFC5A2908136F0020B98A /* Debug */,
				6AECFC5B2908136F0020B98A /* Release */,
			);
			defaultConfigurationIsVisible = 0;
			defaultConfigurationName = Release;
		};
/* End XCConfigurationList section */
	};
	rootObject = 6AECFC212908136E0020B98A /* Project object */;
}
