// !$*UTF8*$!
{
	archiveVersion = 1;
	classes = {
	};
	objectVersion = 56;
	objects = {

/* Begin PBXBuildFile section */
		6A000CBA2912F0010011E9D6 /* ProductsViewModel.swift in Sources */ = {isa = PBXBuildFile; fileRef = 6A000CB92912F0010011E9D6 /* ProductsViewModel.swift */; };
		6A1602A52917168E0014957D /* ProductDetailViewController.swift in Sources */ = {isa = PBXBuildFile; fileRef = 6A1602A32917168E0014957D /* ProductDetailViewController.swift */; };
		6A1602A62917168E0014957D /* ProductDetailViewController.xib in Resources */ = {isa = PBXBuildFile; fileRef = 6A1602A42917168E0014957D /* ProductDetailViewController.xib */; };
		6A1602A8291734340014957D /* UIImageView+DownloadImage.swift in Sources */ = {isa = PBXBuildFile; fileRef = 6A1602A7291734340014957D /* UIImageView+DownloadImage.swift */; };
		6A2010CF291860140098FC89 /* BasketViewController.swift in Sources */ = {isa = PBXBuildFile; fileRef = 6A2010CD291860140098FC89 /* BasketViewController.swift */; };
		6A2010D0291860140098FC89 /* BasketViewController.xib in Resources */ = {isa = PBXBuildFile; fileRef = 6A2010CE291860140098FC89 /* BasketViewController.xib */; };
		6A2010D22918602E0098FC89 /* BasketViewModel.swift in Sources */ = {isa = PBXBuildFile; fileRef = 6A2010D12918602E0098FC89 /* BasketViewModel.swift */; };
		6A2010D82918618C0098FC89 /* BasketTableViewCell.swift in Sources */ = {isa = PBXBuildFile; fileRef = 6A2010D62918618C0098FC89 /* BasketTableViewCell.swift */; };
		6A2010D92918618C0098FC89 /* BasketTableViewCell.xib in Resources */ = {isa = PBXBuildFile; fileRef = 6A2010D72918618C0098FC89 /* BasketTableViewCell.xib */; };
		6A431B8A2914146100AD15DD /* SignInViewController.swift in Sources */ = {isa = PBXBuildFile; fileRef = 6A431B892914146100AD15DD /* SignInViewController.swift */; };
		6A431B8C2914147200AD15DD /* AuthViewModel.swift in Sources */ = {isa = PBXBuildFile; fileRef = 6A431B8B2914147200AD15DD /* AuthViewModel.swift */; };
		6A431B90291477FA00AD15DD /* PYInputView.swift in Sources */ = {isa = PBXBuildFile; fileRef = 6A431B8F291477FA00AD15DD /* PYInputView.swift */; };
		6A431B9229147B8800AD15DD /* PYInputField.swift in Sources */ = {isa = PBXBuildFile; fileRef = 6A431B9129147B8800AD15DD /* PYInputField.swift */; };
		6A431B962914D85D00AD15DD /* SignInView.swift in Sources */ = {isa = PBXBuildFile; fileRef = 6A431B952914D85D00AD15DD /* SignInView.swift */; };
		6A431B982915559300AD15DD /* SignUpView.swift in Sources */ = {isa = PBXBuildFile; fileRef = 6A431B972915559300AD15DD /* SignUpView.swift */; };
		6A431B9A291555A300AD15DD /* SignUpViewController.swift in Sources */ = {isa = PBXBuildFile; fileRef = 6A431B99291555A300AD15DD /* SignUpViewController.swift */; };
		6A431B9C29156BA100AD15DD /* PYInputLabel.swift in Sources */ = {isa = PBXBuildFile; fileRef = 6A431B9B29156BA100AD15DD /* PYInputLabel.swift */; };
		6A431BA32915C3BD00AD15DD /* Encodable+Dictionary.swift in Sources */ = {isa = PBXBuildFile; fileRef = 6A431BA22915C3BD00AD15DD /* Encodable+Dictionary.swift */; };
		6A431BA729169E1C00AD15DD /* ProductsView.swift in Sources */ = {isa = PBXBuildFile; fileRef = 6A431BA629169E1C00AD15DD /* ProductsView.swift */; };
		6A431BAE2916B8C400AD15DD /* ProductDetailViewModel.swift in Sources */ = {isa = PBXBuildFile; fileRef = 6A431BAD2916B8C400AD15DD /* ProductDetailViewModel.swift */; };
		6A4FA3FB290DAD2200137437 /* PYSectionView.swift in Sources */ = {isa = PBXBuildFile; fileRef = 6A4FA3FA290DAD2200137437 /* PYSectionView.swift */; };
		6A4FA3FD290DB37E00137437 /* UIHelper.swift in Sources */ = {isa = PBXBuildFile; fileRef = 6A4FA3FC290DB37E00137437 /* UIHelper.swift */; };
		6A4FA400290DCBF300137437 /* UIView+Extensions.swift in Sources */ = {isa = PBXBuildFile; fileRef = 6A4FA3FF290DCBF300137437 /* UIView+Extensions.swift */; };
		6A7B270F2912AFFA00B887A1 /* PazaryeriAPI.framework in Frameworks */ = {isa = PBXBuildFile; fileRef = 6A7B270E2912AFFA00B887A1 /* PazaryeriAPI.framework */; };
		6A7B27102912AFFA00B887A1 /* PazaryeriAPI.framework in Embed Frameworks */ = {isa = PBXBuildFile; fileRef = 6A7B270E2912AFFA00B887A1 /* PazaryeriAPI.framework */; settings = {ATTRIBUTES = (CodeSignOnCopy, RemoveHeadersOnCopy, ); }; };
		6AB1C9482911082100042527 /* User.swift in Sources */ = {isa = PBXBuildFile; fileRef = 6AB1C9472911082100042527 /* User.swift */; };
		6AE2EF4B291400110011F45E /* GoogleService-Info.plist in Resources */ = {isa = PBXBuildFile; fileRef = 6AE2EF4A291400110011F45E /* GoogleService-Info.plist */; };
		6AE2EF4E2914022D0011F45E /* FirebaseAuth in Frameworks */ = {isa = PBXBuildFile; productRef = 6AE2EF4D2914022D0011F45E /* FirebaseAuth */; };
		6AE2EF502914022D0011F45E /* FirebaseFirestore in Frameworks */ = {isa = PBXBuildFile; productRef = 6AE2EF4F2914022D0011F45E /* FirebaseFirestore */; };
		6AE2EF522914022D0011F45E /* FirebaseFirestoreSwift in Frameworks */ = {isa = PBXBuildFile; productRef = 6AE2EF512914022D0011F45E /* FirebaseFirestoreSwift */; };
		6AE2EF542914022D0011F45E /* FirebaseRemoteConfig in Frameworks */ = {isa = PBXBuildFile; productRef = 6AE2EF532914022D0011F45E /* FirebaseRemoteConfig */; };
		6AE2EF562914022D0011F45E /* FirebaseRemoteConfigSwift in Frameworks */ = {isa = PBXBuildFile; productRef = 6AE2EF552914022D0011F45E /* FirebaseRemoteConfigSwift */; };
		6AECFC2D2908136E0020B98A /* AppDelegate.swift in Sources */ = {isa = PBXBuildFile; fileRef = 6AECFC2C2908136E0020B98A /* AppDelegate.swift */; };
		6AECFC362908136F0020B98A /* Assets.xcassets in Resources */ = {isa = PBXBuildFile; fileRef = 6AECFC352908136F0020B98A /* Assets.xcassets */; };
		6AECFC392908136F0020B98A /* LaunchScreen.storyboard in Resources */ = {isa = PBXBuildFile; fileRef = 6AECFC372908136F0020B98A /* LaunchScreen.storyboard */; };
		6AECFC442908136F0020B98A /* PazaryeriTests.swift in Sources */ = {isa = PBXBuildFile; fileRef = 6AECFC432908136F0020B98A /* PazaryeriTests.swift */; };
		6AECFC4E2908136F0020B98A /* PazaryeriUITests.swift in Sources */ = {isa = PBXBuildFile; fileRef = 6AECFC4D2908136F0020B98A /* PazaryeriUITests.swift */; };
		6AECFC502908136F0020B98A /* PazaryeriUITestsLaunchTests.swift in Sources */ = {isa = PBXBuildFile; fileRef = 6AECFC4F2908136F0020B98A /* PazaryeriUITestsLaunchTests.swift */; };
		6AECFC5F290A96FE0020B98A /* PYMainTabBarController.swift in Sources */ = {isa = PBXBuildFile; fileRef = 6AECFC5E290A96FE0020B98A /* PYMainTabBarController.swift */; };
		6AECFC61290A976D0020B98A /* ProductsViewController.swift in Sources */ = {isa = PBXBuildFile; fileRef = 6AECFC60290A976D0020B98A /* ProductsViewController.swift */; };
		6AECFC63290A977B0020B98A /* SearchViewController.swift in Sources */ = {isa = PBXBuildFile; fileRef = 6AECFC62290A977B0020B98A /* SearchViewController.swift */; };
		6AECFC65290A97850020B98A /* ProfileViewController.swift in Sources */ = {isa = PBXBuildFile; fileRef = 6AECFC64290A97850020B98A /* ProfileViewController.swift */; };
		6AECFC68290AA20F0020B98A /* Constants.swift in Sources */ = {isa = PBXBuildFile; fileRef = 6AECFC67290AA20F0020B98A /* Constants.swift */; };
		6AECFC6C290AD8950020B98A /* PYButton.swift in Sources */ = {isa = PBXBuildFile; fileRef = 6AECFC6B290AD8950020B98A /* PYButton.swift */; };
		6AECFC6E290C36DE0020B98A /* ProductCell.swift in Sources */ = {isa = PBXBuildFile; fileRef = 6AECFC6D290C36DE0020B98A /* ProductCell.swift */; };
		6AECFC70290C41610020B98A /* PYTitleLabel.swift in Sources */ = {isa = PBXBuildFile; fileRef = 6AECFC6F290C41610020B98A /* PYTitleLabel.swift */; };
		6AECFC72290C47E80020B98A /* PYSecondaryTitleLabel.swift in Sources */ = {isa = PBXBuildFile; fileRef = 6AECFC71290C47E80020B98A /* PYSecondaryTitleLabel.swift */; };
		6AECFC74290C7FA80020B98A /* PYProductImageView.swift in Sources */ = {isa = PBXBuildFile; fileRef = 6AECFC73290C7FA80020B98A /* PYProductImageView.swift */; };
		6AECFC76290D83430020B98A /* PYBodyLabel.swift in Sources */ = {isa = PBXBuildFile; fileRef = 6AECFC75290D83430020B98A /* PYBodyLabel.swift */; };
		6AF64F8D290E4CD1004A35AA /* PYCartButton.swift in Sources */ = {isa = PBXBuildFile; fileRef = 6AF64F8C290E4CD1004A35AA /* PYCartButton.swift */; };
		6AF64F92290EF1E8004A35AA /* Double+CurrencyString.swift in Sources */ = {isa = PBXBuildFile; fileRef = 6AF64F91290EF1E8004A35AA /* Double+CurrencyString.swift */; };
		6AF64F942910812C004A35AA /* UIButton+Extensions.swift in Sources */ = {isa = PBXBuildFile; fileRef = 6AF64F932910812C004A35AA /* UIButton+Extensions.swift */; };
		6AFF797F2917E20700EC3C77 /* OnboardingViewController.swift in Sources */ = {isa = PBXBuildFile; fileRef = 6AFF797D2917E20700EC3C77 /* OnboardingViewController.swift */; };
		6AFF79802917E20700EC3C77 /* OnboardingViewController.xib in Resources */ = {isa = PBXBuildFile; fileRef = 6AFF797E2917E20700EC3C77 /* OnboardingViewController.xib */; };
		6AFF79822917FBA100EC3C77 /* OnboardingView.swift in Sources */ = {isa = PBXBuildFile; fileRef = 6AFF79812917FBA100EC3C77 /* OnboardingView.swift */; };
		6AFF79842917FBB100EC3C77 /* OnboardingView.xib in Resources */ = {isa = PBXBuildFile; fileRef = 6AFF79832917FBB100EC3C77 /* OnboardingView.xib */; };
/* End PBXBuildFile section */

/* Begin PBXContainerItemProxy section */
		6AECFC402908136F0020B98A /* PBXContainerItemProxy */ = {
			isa = PBXContainerItemProxy;
			containerPortal = 6AECFC212908136E0020B98A /* Project object */;
			proxyType = 1;
			remoteGlobalIDString = 6AECFC282908136E0020B98A;
			remoteInfo = Pazaryeri;
		};
		6AECFC4A2908136F0020B98A /* PBXContainerItemProxy */ = {
			isa = PBXContainerItemProxy;
			containerPortal = 6AECFC212908136E0020B98A /* Project object */;
			proxyType = 1;
			remoteGlobalIDString = 6AECFC282908136E0020B98A;
			remoteInfo = Pazaryeri;
		};
/* End PBXContainerItemProxy section */

/* Begin PBXCopyFilesBuildPhase section */
		6A7B27112912AFFA00B887A1 /* Embed Frameworks */ = {
			isa = PBXCopyFilesBuildPhase;
			buildActionMask = 2147483647;
			dstPath = "";
			dstSubfolderSpec = 10;
			files = (
				6A7B27102912AFFA00B887A1 /* PazaryeriAPI.framework in Embed Frameworks */,
			);
			name = "Embed Frameworks";
			runOnlyForDeploymentPostprocessing = 0;
		};
/* End PBXCopyFilesBuildPhase section */

/* Begin PBXFileReference section */
		6A000CB92912F0010011E9D6 /* ProductsViewModel.swift */ = {isa = PBXFileReference; lastKnownFileType = sourcecode.swift; path = ProductsViewModel.swift; sourceTree = "<group>"; };
		6A1602A32917168E0014957D /* ProductDetailViewController.swift */ = {isa = PBXFileReference; lastKnownFileType = sourcecode.swift; path = ProductDetailViewController.swift; sourceTree = "<group>"; };
		6A1602A42917168E0014957D /* ProductDetailViewController.xib */ = {isa = PBXFileReference; lastKnownFileType = file.xib; path = ProductDetailViewController.xib; sourceTree = "<group>"; };
		6A1602A7291734340014957D /* UIImageView+DownloadImage.swift */ = {isa = PBXFileReference; lastKnownFileType = sourcecode.swift; path = "UIImageView+DownloadImage.swift"; sourceTree = "<group>"; };
		6A2010CD291860140098FC89 /* BasketViewController.swift */ = {isa = PBXFileReference; lastKnownFileType = sourcecode.swift; path = BasketViewController.swift; sourceTree = "<group>"; };
		6A2010CE291860140098FC89 /* BasketViewController.xib */ = {isa = PBXFileReference; lastKnownFileType = file.xib; path = BasketViewController.xib; sourceTree = "<group>"; };
		6A2010D12918602E0098FC89 /* BasketViewModel.swift */ = {isa = PBXFileReference; lastKnownFileType = sourcecode.swift; path = BasketViewModel.swift; sourceTree = "<group>"; };
		6A2010D62918618C0098FC89 /* BasketTableViewCell.swift */ = {isa = PBXFileReference; lastKnownFileType = sourcecode.swift; path = BasketTableViewCell.swift; sourceTree = "<group>"; };
		6A2010D72918618C0098FC89 /* BasketTableViewCell.xib */ = {isa = PBXFileReference; lastKnownFileType = file.xib; path = BasketTableViewCell.xib; sourceTree = "<group>"; };
		6A431B892914146100AD15DD /* SignInViewController.swift */ = {isa = PBXFileReference; lastKnownFileType = sourcecode.swift; path = SignInViewController.swift; sourceTree = "<group>"; };
		6A431B8B2914147200AD15DD /* AuthViewModel.swift */ = {isa = PBXFileReference; lastKnownFileType = sourcecode.swift; path = AuthViewModel.swift; sourceTree = "<group>"; };
		6A431B8F291477FA00AD15DD /* PYInputView.swift */ = {isa = PBXFileReference; lastKnownFileType = sourcecode.swift; path = PYInputView.swift; sourceTree = "<group>"; };
		6A431B9129147B8800AD15DD /* PYInputField.swift */ = {isa = PBXFileReference; lastKnownFileType = sourcecode.swift; path = PYInputField.swift; sourceTree = "<group>"; };
		6A431B952914D85D00AD15DD /* SignInView.swift */ = {isa = PBXFileReference; lastKnownFileType = sourcecode.swift; path = SignInView.swift; sourceTree = "<group>"; };
		6A431B972915559300AD15DD /* SignUpView.swift */ = {isa = PBXFileReference; lastKnownFileType = sourcecode.swift; path = SignUpView.swift; sourceTree = "<group>"; };
		6A431B99291555A300AD15DD /* SignUpViewController.swift */ = {isa = PBXFileReference; lastKnownFileType = sourcecode.swift; path = SignUpViewController.swift; sourceTree = "<group>"; };
		6A431B9B29156BA100AD15DD /* PYInputLabel.swift */ = {isa = PBXFileReference; lastKnownFileType = sourcecode.swift; path = PYInputLabel.swift; sourceTree = "<group>"; };
		6A431BA22915C3BD00AD15DD /* Encodable+Dictionary.swift */ = {isa = PBXFileReference; lastKnownFileType = sourcecode.swift; path = "Encodable+Dictionary.swift"; sourceTree = "<group>"; };
		6A431BA629169E1C00AD15DD /* ProductsView.swift */ = {isa = PBXFileReference; lastKnownFileType = sourcecode.swift; path = ProductsView.swift; sourceTree = "<group>"; };
		6A431BAD2916B8C400AD15DD /* ProductDetailViewModel.swift */ = {isa = PBXFileReference; lastKnownFileType = sourcecode.swift; path = ProductDetailViewModel.swift; sourceTree = "<group>"; };
		6A4FA3FA290DAD2200137437 /* PYSectionView.swift */ = {isa = PBXFileReference; lastKnownFileType = sourcecode.swift; path = PYSectionView.swift; sourceTree = "<group>"; };
		6A4FA3FC290DB37E00137437 /* UIHelper.swift */ = {isa = PBXFileReference; lastKnownFileType = sourcecode.swift; path = UIHelper.swift; sourceTree = "<group>"; };
		6A4FA3FF290DCBF300137437 /* UIView+Extensions.swift */ = {isa = PBXFileReference; lastKnownFileType = sourcecode.swift; path = "UIView+Extensions.swift"; sourceTree = "<group>"; };
		6A7B270B2912AFCE00B887A1 /* PazaryeriAPI.framework */ = {isa = PBXFileReference; explicitFileType = wrapper.framework; path = PazaryeriAPI.framework; sourceTree = BUILT_PRODUCTS_DIR; };
		6A7B270E2912AFFA00B887A1 /* PazaryeriAPI.framework */ = {isa = PBXFileReference; explicitFileType = wrapper.framework; path = PazaryeriAPI.framework; sourceTree = BUILT_PRODUCTS_DIR; };
		6AB1C9472911082100042527 /* User.swift */ = {isa = PBXFileReference; lastKnownFileType = sourcecode.swift; path = User.swift; sourceTree = "<group>"; };
		6AB1C972291161DA00042527 /* PazaryeriAPI.framework */ = {isa = PBXFileReference; explicitFileType = wrapper.framework; path = PazaryeriAPI.framework; sourceTree = BUILT_PRODUCTS_DIR; };
		6AE2EF4A291400110011F45E /* GoogleService-Info.plist */ = {isa = PBXFileReference; fileEncoding = 4; lastKnownFileType = text.plist.xml; path = "GoogleService-Info.plist"; sourceTree = "<group>"; };
		6AECFC292908136E0020B98A /* Pazaryeri.app */ = {isa = PBXFileReference; explicitFileType = wrapper.application; includeInIndex = 0; path = Pazaryeri.app; sourceTree = BUILT_PRODUCTS_DIR; };
		6AECFC2C2908136E0020B98A /* AppDelegate.swift */ = {isa = PBXFileReference; lastKnownFileType = sourcecode.swift; path = AppDelegate.swift; sourceTree = "<group>"; };
		6AECFC352908136F0020B98A /* Assets.xcassets */ = {isa = PBXFileReference; lastKnownFileType = folder.assetcatalog; path = Assets.xcassets; sourceTree = "<group>"; };
		6AECFC382908136F0020B98A /* Base */ = {isa = PBXFileReference; lastKnownFileType = file.storyboard; name = Base; path = Base.lproj/LaunchScreen.storyboard; sourceTree = "<group>"; };
		6AECFC3A2908136F0020B98A /* Info.plist */ = {isa = PBXFileReference; lastKnownFileType = text.plist.xml; path = Info.plist; sourceTree = "<group>"; };
		6AECFC3F2908136F0020B98A /* PazaryeriTests.xctest */ = {isa = PBXFileReference; explicitFileType = wrapper.cfbundle; includeInIndex = 0; path = PazaryeriTests.xctest; sourceTree = BUILT_PRODUCTS_DIR; };
		6AECFC432908136F0020B98A /* PazaryeriTests.swift */ = {isa = PBXFileReference; lastKnownFileType = sourcecode.swift; path = PazaryeriTests.swift; sourceTree = "<group>"; };
		6AECFC492908136F0020B98A /* PazaryeriUITests.xctest */ = {isa = PBXFileReference; explicitFileType = wrapper.cfbundle; includeInIndex = 0; path = PazaryeriUITests.xctest; sourceTree = BUILT_PRODUCTS_DIR; };
		6AECFC4D2908136F0020B98A /* PazaryeriUITests.swift */ = {isa = PBXFileReference; lastKnownFileType = sourcecode.swift; path = PazaryeriUITests.swift; sourceTree = "<group>"; };
		6AECFC4F2908136F0020B98A /* PazaryeriUITestsLaunchTests.swift */ = {isa = PBXFileReference; lastKnownFileType = sourcecode.swift; path = PazaryeriUITestsLaunchTests.swift; sourceTree = "<group>"; };
		6AECFC5E290A96FE0020B98A /* PYMainTabBarController.swift */ = {isa = PBXFileReference; lastKnownFileType = sourcecode.swift; path = PYMainTabBarController.swift; sourceTree = "<group>"; };
		6AECFC60290A976D0020B98A /* ProductsViewController.swift */ = {isa = PBXFileReference; lastKnownFileType = sourcecode.swift; path = ProductsViewController.swift; sourceTree = "<group>"; };
		6AECFC62290A977B0020B98A /* SearchViewController.swift */ = {isa = PBXFileReference; lastKnownFileType = sourcecode.swift; path = SearchViewController.swift; sourceTree = "<group>"; };
		6AECFC64290A97850020B98A /* ProfileViewController.swift */ = {isa = PBXFileReference; lastKnownFileType = sourcecode.swift; path = ProfileViewController.swift; sourceTree = "<group>"; };
		6AECFC67290AA20F0020B98A /* Constants.swift */ = {isa = PBXFileReference; lastKnownFileType = sourcecode.swift; path = Constants.swift; sourceTree = "<group>"; };
		6AECFC6B290AD8950020B98A /* PYButton.swift */ = {isa = PBXFileReference; lastKnownFileType = sourcecode.swift; path = PYButton.swift; sourceTree = "<group>"; };
		6AECFC6D290C36DE0020B98A /* ProductCell.swift */ = {isa = PBXFileReference; lastKnownFileType = sourcecode.swift; path = ProductCell.swift; sourceTree = "<group>"; };
		6AECFC6F290C41610020B98A /* PYTitleLabel.swift */ = {isa = PBXFileReference; lastKnownFileType = sourcecode.swift; path = PYTitleLabel.swift; sourceTree = "<group>"; };
		6AECFC71290C47E80020B98A /* PYSecondaryTitleLabel.swift */ = {isa = PBXFileReference; lastKnownFileType = sourcecode.swift; path = PYSecondaryTitleLabel.swift; sourceTree = "<group>"; };
		6AECFC73290C7FA80020B98A /* PYProductImageView.swift */ = {isa = PBXFileReference; lastKnownFileType = sourcecode.swift; path = PYProductImageView.swift; sourceTree = "<group>"; };
		6AECFC75290D83430020B98A /* PYBodyLabel.swift */ = {isa = PBXFileReference; lastKnownFileType = sourcecode.swift; path = PYBodyLabel.swift; sourceTree = "<group>"; };
		6AF64F8C290E4CD1004A35AA /* PYCartButton.swift */ = {isa = PBXFileReference; lastKnownFileType = sourcecode.swift; path = PYCartButton.swift; sourceTree = "<group>"; };
		6AF64F91290EF1E8004A35AA /* Double+CurrencyString.swift */ = {isa = PBXFileReference; lastKnownFileType = sourcecode.swift; path = "Double+CurrencyString.swift"; sourceTree = "<group>"; };
		6AF64F932910812C004A35AA /* UIButton+Extensions.swift */ = {isa = PBXFileReference; lastKnownFileType = sourcecode.swift; path = "UIButton+Extensions.swift"; sourceTree = "<group>"; };
		6AFF797D2917E20700EC3C77 /* OnboardingViewController.swift */ = {isa = PBXFileReference; lastKnownFileType = sourcecode.swift; path = OnboardingViewController.swift; sourceTree = "<group>"; };
		6AFF797E2917E20700EC3C77 /* OnboardingViewController.xib */ = {isa = PBXFileReference; lastKnownFileType = file.xib; path = OnboardingViewController.xib; sourceTree = "<group>"; };
		6AFF79812917FBA100EC3C77 /* OnboardingView.swift */ = {isa = PBXFileReference; lastKnownFileType = sourcecode.swift; path = OnboardingView.swift; sourceTree = "<group>"; };
		6AFF79832917FBB100EC3C77 /* OnboardingView.xib */ = {isa = PBXFileReference; lastKnownFileType = file.xib; path = OnboardingView.xib; sourceTree = "<group>"; };
/* End PBXFileReference section */

/* Begin PBXFrameworksBuildPhase section */
		6AECFC262908136E0020B98A /* Frameworks */ = {
			isa = PBXFrameworksBuildPhase;
			buildActionMask = 2147483647;
			files = (
				6A7B270F2912AFFA00B887A1 /* PazaryeriAPI.framework in Frameworks */,
				6AE2EF4E2914022D0011F45E /* FirebaseAuth in Frameworks */,
				6AE2EF502914022D0011F45E /* FirebaseFirestore in Frameworks */,
				6AE2EF562914022D0011F45E /* FirebaseRemoteConfigSwift in Frameworks */,
				6AE2EF522914022D0011F45E /* FirebaseFirestoreSwift in Frameworks */,
				6AE2EF542914022D0011F45E /* FirebaseRemoteConfig in Frameworks */,
			);
			runOnlyForDeploymentPostprocessing = 0;
		};
		6AECFC3C2908136F0020B98A /* Frameworks */ = {
			isa = PBXFrameworksBuildPhase;
			buildActionMask = 2147483647;
			files = (
			);
			runOnlyForDeploymentPostprocessing = 0;
		};
		6AECFC462908136F0020B98A /* Frameworks */ = {
			isa = PBXFrameworksBuildPhase;
			buildActionMask = 2147483647;
			files = (
			);
			runOnlyForDeploymentPostprocessing = 0;
		};
/* End PBXFrameworksBuildPhase section */

/* Begin PBXGroup section */
		6A000CB82912EFEE0011E9D6 /* Products */ = {
			isa = PBXGroup;
			children = (
				6A431BA429169D2600AD15DD /* ViewModel */,
				6A431BA529169D3000AD15DD /* View */,
			);
			path = Products;
			sourceTree = "<group>";
		};
		6A2010CC29185FFF0098FC89 /* Basket */ = {
			isa = PBXGroup;
			children = (
				6A2010D4291860410098FC89 /* ViewModel */,
				6A2010D32918603A0098FC89 /* View */,
			);
			path = Basket;
			sourceTree = "<group>";
		};
		6A2010D32918603A0098FC89 /* View */ = {
			isa = PBXGroup;
			children = (
				6A2010D52918616A0098FC89 /* BasketCell */,
				6A2010CD291860140098FC89 /* BasketViewController.swift */,
				6A2010CE291860140098FC89 /* BasketViewController.xib */,
			);
			path = View;
			sourceTree = "<group>";
		};
		6A2010D4291860410098FC89 /* ViewModel */ = {
			isa = PBXGroup;
			children = (
				6A2010D12918602E0098FC89 /* BasketViewModel.swift */,
			);
			path = ViewModel;
			sourceTree = "<group>";
		};
		6A2010D52918616A0098FC89 /* BasketCell */ = {
			isa = PBXGroup;
			children = (
				6A2010D62918618C0098FC89 /* BasketTableViewCell.swift */,
				6A2010D72918618C0098FC89 /* BasketTableViewCell.xib */,
			);
			path = BasketCell;
			sourceTree = "<group>";
		};
		6A431B882914144700AD15DD /* Auth */ = {
			isa = PBXGroup;
			children = (
				6A431B9D2915967500AD15DD /* ViewModel */,
				6A431BA0291596AC00AD15DD /* View */,
			);
			path = Auth;
			sourceTree = "<group>";
		};
		6A431B9D2915967500AD15DD /* ViewModel */ = {
			isa = PBXGroup;
			children = (
				6A431B8B2914147200AD15DD /* AuthViewModel.swift */,
			);
			path = ViewModel;
			sourceTree = "<group>";
		};
		6A431B9E2915967D00AD15DD /* SignIn */ = {
			isa = PBXGroup;
			children = (
				6A431B892914146100AD15DD /* SignInViewController.swift */,
				6A431B952914D85D00AD15DD /* SignInView.swift */,
			);
			path = SignIn;
			sourceTree = "<group>";
		};
		6A431B9F2915968A00AD15DD /* SignUp */ = {
			isa = PBXGroup;
			children = (
				6A431B99291555A300AD15DD /* SignUpViewController.swift */,
				6A431B972915559300AD15DD /* SignUpView.swift */,
			);
			path = SignUp;
			sourceTree = "<group>";
		};
		6A431BA0291596AC00AD15DD /* View */ = {
			isa = PBXGroup;
			children = (
				6A431B9E2915967D00AD15DD /* SignIn */,
				6A431B9F2915968A00AD15DD /* SignUp */,
			);
			path = View;
			sourceTree = "<group>";
		};
		6A431BA129159DC100AD15DD /* TextFields */ = {
			isa = PBXGroup;
			children = (
				6A431B9129147B8800AD15DD /* PYInputField.swift */,
			);
			path = TextFields;
			sourceTree = "<group>";
		};
		6A431BA429169D2600AD15DD /* ViewModel */ = {
			isa = PBXGroup;
			children = (
				6A000CB92912F0010011E9D6 /* ProductsViewModel.swift */,
			);
			path = ViewModel;
			sourceTree = "<group>";
		};
		6A431BA529169D3000AD15DD /* View */ = {
			isa = PBXGroup;
			children = (
				6AECFC60290A976D0020B98A /* ProductsViewController.swift */,
				6A431BA629169E1C00AD15DD /* ProductsView.swift */,
			);
			path = View;
			sourceTree = "<group>";
		};
		6A431BA82916B89000AD15DD /* ProductDetail */ = {
			isa = PBXGroup;
			children = (
				6A431BAF2916B8CC00AD15DD /* ViewModel */,
				6A431BB02916B8D700AD15DD /* View */,
			);
			path = ProductDetail;
			sourceTree = "<group>";
		};
		6A431BAF2916B8CC00AD15DD /* ViewModel */ = {
			isa = PBXGroup;
			children = (
				6A431BAD2916B8C400AD15DD /* ProductDetailViewModel.swift */,
			);
			path = ViewModel;
			sourceTree = "<group>";
		};
		6A431BB02916B8D700AD15DD /* View */ = {
			isa = PBXGroup;
			children = (
				6A1602A32917168E0014957D /* ProductDetailViewController.swift */,
				6A1602A42917168E0014957D /* ProductDetailViewController.xib */,
			);
			path = View;
			sourceTree = "<group>";
		};
		6A4FA3FE290DCBD700137437 /* Extensions */ = {
			isa = PBXGroup;
			children = (
				6A4FA3FF290DCBF300137437 /* UIView+Extensions.swift */,
				6AF64F91290EF1E8004A35AA /* Double+CurrencyString.swift */,
				6AF64F932910812C004A35AA /* UIButton+Extensions.swift */,
				6A431BA22915C3BD00AD15DD /* Encodable+Dictionary.swift */,
				6A1602A7291734340014957D /* UIImageView+DownloadImage.swift */,
			);
			path = Extensions;
			sourceTree = "<group>";
		};
		6A6697BF2912B75000DF44E9 /* App */ = {
			isa = PBXGroup;
			children = (
				6AECFC2C2908136E0020B98A /* AppDelegate.swift */,
				6AECFC372908136F0020B98A /* LaunchScreen.storyboard */,
				6AECFC3A2908136F0020B98A /* Info.plist */,
				6AE2EF4A291400110011F45E /* GoogleService-Info.plist */,
			);
			path = App;
			sourceTree = "<group>";
		};
		6A6697C02912B7D800DF44E9 /* Resources */ = {
			isa = PBXGroup;
			children = (
				6AECFC352908136F0020B98A /* Assets.xcassets */,
			);
			path = Resources;
			sourceTree = "<group>";
		};
		6A6697C22912B83600DF44E9 /* TabBarControllers */ = {
			isa = PBXGroup;
			children = (
				6AECFC5E290A96FE0020B98A /* PYMainTabBarController.swift */,
			);
			path = TabBarControllers;
			sourceTree = "<group>";
		};
		6A6697C32912B85100DF44E9 /* Screens */ = {
			isa = PBXGroup;
			children = (
				6A2010CC29185FFF0098FC89 /* Basket */,
				6AFF797C2917E1E900EC3C77 /* Onboarding */,
				6A431B882914144700AD15DD /* Auth */,
				6A000CB82912EFEE0011E9D6 /* Products */,
				6A431BA82916B89000AD15DD /* ProductDetail */,
				6AECFC62290A977B0020B98A /* SearchViewController.swift */,
				6AECFC64290A97850020B98A /* ProfileViewController.swift */,
			);
			path = Screens;
			sourceTree = "<group>";
		};
		6A888E5D29181516004180E7 /* View */ = {
			isa = PBXGroup;
			children = (
				6A888E5E29181520004180E7 /* Subview */,
				6AFF797D2917E20700EC3C77 /* OnboardingViewController.swift */,
				6AFF797E2917E20700EC3C77 /* OnboardingViewController.xib */,
			);
			path = View;
			sourceTree = "<group>";
		};
		6A888E5E29181520004180E7 /* Subview */ = {
			isa = PBXGroup;
			children = (
				6AFF79812917FBA100EC3C77 /* OnboardingView.swift */,
				6AFF79832917FBB100EC3C77 /* OnboardingView.xib */,
			);
			path = Subview;
			sourceTree = "<group>";
		};
		6AB1C9462911080300042527 /* Models */ = {
			isa = PBXGroup;
			children = (
				6AB1C9472911082100042527 /* User.swift */,
			);
			path = Models;
			sourceTree = "<group>";
		};
		6AB1C971291161DA00042527 /* Frameworks */ = {
			isa = PBXGroup;
			children = (
				6A7B270E2912AFFA00B887A1 /* PazaryeriAPI.framework */,
				6A7B270B2912AFCE00B887A1 /* PazaryeriAPI.framework */,
				6AB1C972291161DA00042527 /* PazaryeriAPI.framework */,
			);
			name = Frameworks;
			sourceTree = "<group>";
		};
		6AECFC202908136E0020B98A = {
			isa = PBXGroup;
			children = (
				6AECFC2B2908136E0020B98A /* Pazaryeri */,
				6AECFC422908136F0020B98A /* PazaryeriTests */,
				6AECFC4C2908136F0020B98A /* PazaryeriUITests */,
				6AECFC2A2908136E0020B98A /* Products */,
				6AB1C971291161DA00042527 /* Frameworks */,
			);
			sourceTree = "<group>";
		};
		6AECFC2A2908136E0020B98A /* Products */ = {
			isa = PBXGroup;
			children = (
				6AECFC292908136E0020B98A /* Pazaryeri.app */,
				6AECFC3F2908136F0020B98A /* PazaryeriTests.xctest */,
				6AECFC492908136F0020B98A /* PazaryeriUITests.xctest */,
			);
			name = Products;
			sourceTree = "<group>";
		};
		6AECFC2B2908136E0020B98A /* Pazaryeri */ = {
			isa = PBXGroup;
			children = (
				6AB1C9462911080300042527 /* Models */,
				6A4FA3FE290DCBD700137437 /* Extensions */,
				6AECFC6A290AD8770020B98A /* Components */,
				6A6697C32912B85100DF44E9 /* Screens */,
				6AECFC66290AA1E80020B98A /* Utilities */,
				6A6697C02912B7D800DF44E9 /* Resources */,
				6A6697BF2912B75000DF44E9 /* App */,
			);
			path = Pazaryeri;
			sourceTree = "<group>";
		};
		6AECFC422908136F0020B98A /* PazaryeriTests */ = {
			isa = PBXGroup;
			children = (
				6AECFC432908136F0020B98A /* PazaryeriTests.swift */,
			);
			path = PazaryeriTests;
			sourceTree = "<group>";
		};
		6AECFC4C2908136F0020B98A /* PazaryeriUITests */ = {
			isa = PBXGroup;
			children = (
				6AECFC4D2908136F0020B98A /* PazaryeriUITests.swift */,
				6AECFC4F2908136F0020B98A /* PazaryeriUITestsLaunchTests.swift */,
			);
			path = PazaryeriUITests;
			sourceTree = "<group>";
		};
		6AECFC66290AA1E80020B98A /* Utilities */ = {
			isa = PBXGroup;
			children = (
				6AECFC67290AA20F0020B98A /* Constants.swift */,
				6A4FA3FC290DB37E00137437 /* UIHelper.swift */,
			);
			path = Utilities;
			sourceTree = "<group>";
		};
		6AECFC6A290AD8770020B98A /* Components */ = {
			isa = PBXGroup;
			children = (
				6A6697C22912B83600DF44E9 /* TabBarControllers */,
				6AF64F89290E4C7A004A35AA /* Buttons */,
				6AF64F8B290E4CA7004A35AA /* Cells */,
				6AF64F8A290E4C87004A35AA /* Labels */,
				6AF64F90290EB578004A35AA /* Views */,
				6A431BA129159DC100AD15DD /* TextFields */,
			);
			path = Components;
			sourceTree = "<group>";
		};
		6AF64F89290E4C7A004A35AA /* Buttons */ = {
			isa = PBXGroup;
			children = (
				6AECFC6B290AD8950020B98A /* PYButton.swift */,
				6AF64F8C290E4CD1004A35AA /* PYCartButton.swift */,
			);
			path = Buttons;
			sourceTree = "<group>";
		};
		6AF64F8A290E4C87004A35AA /* Labels */ = {
			isa = PBXGroup;
			children = (
				6AECFC6F290C41610020B98A /* PYTitleLabel.swift */,
				6AECFC71290C47E80020B98A /* PYSecondaryTitleLabel.swift */,
				6AECFC75290D83430020B98A /* PYBodyLabel.swift */,
				6A431B9B29156BA100AD15DD /* PYInputLabel.swift */,
			);
			path = Labels;
			sourceTree = "<group>";
		};
		6AF64F8B290E4CA7004A35AA /* Cells */ = {
			isa = PBXGroup;
			children = (
				6AECFC6D290C36DE0020B98A /* ProductCell.swift */,
			);
			path = Cells;
			sourceTree = "<group>";
		};
		6AF64F90290EB578004A35AA /* Views */ = {
			isa = PBXGroup;
			children = (
				6AECFC73290C7FA80020B98A /* PYProductImageView.swift */,
				6A4FA3FA290DAD2200137437 /* PYSectionView.swift */,
				6A431B8F291477FA00AD15DD /* PYInputView.swift */,
			);
			path = Views;
			sourceTree = "<group>";
		};
		6AFF797C2917E1E900EC3C77 /* Onboarding */ = {
			isa = PBXGroup;
			children = (
				6A888E5D29181516004180E7 /* View */,
			);
			path = Onboarding;
			sourceTree = "<group>";
		};
/* End PBXGroup section */

/* Begin PBXNativeTarget section */
		6AECFC282908136E0020B98A /* Pazaryeri */ = {
			isa = PBXNativeTarget;
			buildConfigurationList = 6AECFC532908136F0020B98A /* Build configuration list for PBXNativeTarget "Pazaryeri" */;
			buildPhases = (
				6AECFC252908136E0020B98A /* Sources */,
				6AECFC262908136E0020B98A /* Frameworks */,
				6AECFC272908136E0020B98A /* Resources */,
				6A7B27112912AFFA00B887A1 /* Embed Frameworks */,
			);
			buildRules = (
			);
			dependencies = (
			);
			name = Pazaryeri;
			packageProductDependencies = (
				6AE2EF4D2914022D0011F45E /* FirebaseAuth */,
				6AE2EF4F2914022D0011F45E /* FirebaseFirestore */,
				6AE2EF512914022D0011F45E /* FirebaseFirestoreSwift */,
				6AE2EF532914022D0011F45E /* FirebaseRemoteConfig */,
				6AE2EF552914022D0011F45E /* FirebaseRemoteConfigSwift */,
			);
			productName = Pazaryeri;
			productReference = 6AECFC292908136E0020B98A /* Pazaryeri.app */;
			productType = "com.apple.product-type.application";
		};
		6AECFC3E2908136F0020B98A /* PazaryeriTests */ = {
			isa = PBXNativeTarget;
			buildConfigurationList = 6AECFC562908136F0020B98A /* Build configuration list for PBXNativeTarget "PazaryeriTests" */;
			buildPhases = (
				6AECFC3B2908136F0020B98A /* Sources */,
				6AECFC3C2908136F0020B98A /* Frameworks */,
				6AECFC3D2908136F0020B98A /* Resources */,
			);
			buildRules = (
			);
			dependencies = (
				6AECFC412908136F0020B98A /* PBXTargetDependency */,
			);
			name = PazaryeriTests;
			productName = PazaryeriTests;
			productReference = 6AECFC3F2908136F0020B98A /* PazaryeriTests.xctest */;
			productType = "com.apple.product-type.bundle.unit-test";
		};
		6AECFC482908136F0020B98A /* PazaryeriUITests */ = {
			isa = PBXNativeTarget;
			buildConfigurationList = 6AECFC592908136F0020B98A /* Build configuration list for PBXNativeTarget "PazaryeriUITests" */;
			buildPhases = (
				6AECFC452908136F0020B98A /* Sources */,
				6AECFC462908136F0020B98A /* Frameworks */,
				6AECFC472908136F0020B98A /* Resources */,
			);
			buildRules = (
			);
			dependencies = (
				6AECFC4B2908136F0020B98A /* PBXTargetDependency */,
			);
			name = PazaryeriUITests;
			productName = PazaryeriUITests;
			productReference = 6AECFC492908136F0020B98A /* PazaryeriUITests.xctest */;
			productType = "com.apple.product-type.bundle.ui-testing";
		};
/* End PBXNativeTarget section */

/* Begin PBXProject section */
		6AECFC212908136E0020B98A /* Project object */ = {
			isa = PBXProject;
			attributes = {
				BuildIndependentTargetsInParallel = 1;
				LastSwiftUpdateCheck = 1400;
				LastUpgradeCheck = 1400;
				TargetAttributes = {
					6AECFC282908136E0020B98A = {
						CreatedOnToolsVersion = 14.0.1;
					};
					6AECFC3E2908136F0020B98A = {
						CreatedOnToolsVersion = 14.0.1;
						TestTargetID = 6AECFC282908136E0020B98A;
					};
					6AECFC482908136F0020B98A = {
						CreatedOnToolsVersion = 14.0.1;
						TestTargetID = 6AECFC282908136E0020B98A;
					};
				};
			};
			buildConfigurationList = 6AECFC242908136E0020B98A /* Build configuration list for PBXProject "Pazaryeri" */;
			compatibilityVersion = "Xcode 14.0";
			developmentRegion = en;
			hasScannedForEncodings = 0;
			knownRegions = (
				en,
				Base,
			);
			mainGroup = 6AECFC202908136E0020B98A;
			packageReferences = (
				6AE2EF4C2914022D0011F45E /* XCRemoteSwiftPackageReference "firebase-ios-sdk" */,
			);
			productRefGroup = 6AECFC2A2908136E0020B98A /* Products */;
			projectDirPath = "";
			projectRoot = "";
			targets = (
				6AECFC282908136E0020B98A /* Pazaryeri */,
				6AECFC3E2908136F0020B98A /* PazaryeriTests */,
				6AECFC482908136F0020B98A /* PazaryeriUITests */,
			);
		};
/* End PBXProject section */

/* Begin PBXResourcesBuildPhase section */
		6AECFC272908136E0020B98A /* Resources */ = {
			isa = PBXResourcesBuildPhase;
			buildActionMask = 2147483647;
			files = (
				6AECFC392908136F0020B98A /* LaunchScreen.storyboard in Resources */,
				6AE2EF4B291400110011F45E /* GoogleService-Info.plist in Resources */,
				6AFF79802917E20700EC3C77 /* OnboardingViewController.xib in Resources */,
				6AECFC362908136F0020B98A /* Assets.xcassets in Resources */,
				6A2010D0291860140098FC89 /* BasketViewController.xib in Resources */,
				6A2010D92918618C0098FC89 /* BasketTableViewCell.xib in Resources */,
				6A1602A62917168E0014957D /* ProductDetailViewController.xib in Resources */,
				6AFF79842917FBB100EC3C77 /* OnboardingView.xib in Resources */,
			);
			runOnlyForDeploymentPostprocessing = 0;
		};
		6AECFC3D2908136F0020B98A /* Resources */ = {
			isa = PBXResourcesBuildPhase;
			buildActionMask = 2147483647;
			files = (
			);
			runOnlyForDeploymentPostprocessing = 0;
		};
		6AECFC472908136F0020B98A /* Resources */ = {
			isa = PBXResourcesBuildPhase;
			buildActionMask = 2147483647;
			files = (
			);
			runOnlyForDeploymentPostprocessing = 0;
		};
/* End PBXResourcesBuildPhase section */

/* Begin PBXSourcesBuildPhase section */
		6AECFC252908136E0020B98A /* Sources */ = {
			isa = PBXSourcesBuildPhase;
			buildActionMask = 2147483647;
			files = (
				6AECFC61290A976D0020B98A /* ProductsViewController.swift in Sources */,
				6A431B90291477FA00AD15DD /* PYInputView.swift in Sources */,
				6AF64F942910812C004A35AA /* UIButton+Extensions.swift in Sources */,
				6AFF797F2917E20700EC3C77 /* OnboardingViewController.swift in Sources */,
				6AECFC5F290A96FE0020B98A /* PYMainTabBarController.swift in Sources */,
				6A431BAE2916B8C400AD15DD /* ProductDetailViewModel.swift in Sources */,
				6AECFC65290A97850020B98A /* ProfileViewController.swift in Sources */,
				6AECFC63290A977B0020B98A /* SearchViewController.swift in Sources */,
				6A431B9A291555A300AD15DD /* SignUpViewController.swift in Sources */,
				6AECFC2D2908136E0020B98A /* AppDelegate.swift in Sources */,
				6AECFC70290C41610020B98A /* PYTitleLabel.swift in Sources */,
				6A431B982915559300AD15DD /* SignUpView.swift in Sources */,
				6AF64F8D290E4CD1004A35AA /* PYCartButton.swift in Sources */,
				6AFF79822917FBA100EC3C77 /* OnboardingView.swift in Sources */,
				6AECFC74290C7FA80020B98A /* PYProductImageView.swift in Sources */,
				6A1602A52917168E0014957D /* ProductDetailViewController.swift in Sources */,
				6A431BA32915C3BD00AD15DD /* Encodable+Dictionary.swift in Sources */,
				6A4FA400290DCBF300137437 /* UIView+Extensions.swift in Sources */,
				6A2010CF291860140098FC89 /* BasketViewController.swift in Sources */,
				6A431B8A2914146100AD15DD /* SignInViewController.swift in Sources */,
				6A4FA3FD290DB37E00137437 /* UIHelper.swift in Sources */,
				6A000CBA2912F0010011E9D6 /* ProductsViewModel.swift in Sources */,
				6AECFC6E290C36DE0020B98A /* ProductCell.swift in Sources */,
				6AF64F92290EF1E8004A35AA /* Double+CurrencyString.swift in Sources */,
				6A431B9C29156BA100AD15DD /* PYInputLabel.swift in Sources */,
				6A431B962914D85D00AD15DD /* SignInView.swift in Sources */,
				6AECFC72290C47E80020B98A /* PYSecondaryTitleLabel.swift in Sources */,
				6A2010D82918618C0098FC89 /* BasketTableViewCell.swift in Sources */,
				6A4FA3FB290DAD2200137437 /* PYSectionView.swift in Sources */,
				6A2010D22918602E0098FC89 /* BasketViewModel.swift in Sources */,
				6AECFC6C290AD8950020B98A /* PYButton.swift in Sources */,
				6A431B8C2914147200AD15DD /* AuthViewModel.swift in Sources */,
				6AECFC68290AA20F0020B98A /* Constants.swift in Sources */,
				6AECFC76290D83430020B98A /* PYBodyLabel.swift in Sources */,
				6A431BA729169E1C00AD15DD /* ProductsView.swift in Sources */,
				6A431B9229147B8800AD15DD /* PYInputField.swift in Sources */,
				6AB1C9482911082100042527 /* User.swift in Sources */,
				6A1602A8291734340014957D /* UIImageView+DownloadImage.swift in Sources */,
			);
			runOnlyForDeploymentPostprocessing = 0;
		};
		6AECFC3B2908136F0020B98A /* Sources */ = {
			isa = PBXSourcesBuildPhase;
			buildActionMask = 2147483647;
			files = (
				6AECFC442908136F0020B98A /* PazaryeriTests.swift in Sources */,
			);
			runOnlyForDeploymentPostprocessing = 0;
		};
		6AECFC452908136F0020B98A /* Sources */ = {
			isa = PBXSourcesBuildPhase;
			buildActionMask = 2147483647;
			files = (
				6AECFC502908136F0020B98A /* PazaryeriUITestsLaunchTests.swift in Sources */,
				6AECFC4E2908136F0020B98A /* PazaryeriUITests.swift in Sources */,
			);
			runOnlyForDeploymentPostprocessing = 0;
		};
/* End PBXSourcesBuildPhase section */

/* Begin PBXTargetDependency section */
		6AECFC412908136F0020B98A /* PBXTargetDependency */ = {
			isa = PBXTargetDependency;
			target = 6AECFC282908136E0020B98A /* Pazaryeri */;
			targetProxy = 6AECFC402908136F0020B98A /* PBXContainerItemProxy */;
		};
		6AECFC4B2908136F0020B98A /* PBXTargetDependency */ = {
			isa = PBXTargetDependency;
			target = 6AECFC282908136E0020B98A /* Pazaryeri */;
			targetProxy = 6AECFC4A2908136F0020B98A /* PBXContainerItemProxy */;
		};
/* End PBXTargetDependency section */

/* Begin PBXVariantGroup section */
		6AECFC372908136F0020B98A /* LaunchScreen.storyboard */ = {
			isa = PBXVariantGroup;
			children = (
				6AECFC382908136F0020B98A /* Base */,
			);
			name = LaunchScreen.storyboard;
			sourceTree = "<group>";
		};
/* End PBXVariantGroup section */

/* Begin XCBuildConfiguration section */
		6AECFC512908136F0020B98A /* Debug */ = {
			isa = XCBuildConfiguration;
			buildSettings = {
				ALWAYS_SEARCH_USER_PATHS = NO;
				CLANG_ANALYZER_NONNULL = YES;
				CLANG_ANALYZER_NUMBER_OBJECT_CONVERSION = YES_AGGRESSIVE;
				CLANG_CXX_LANGUAGE_STANDARD = "gnu++20";
				CLANG_ENABLE_MODULES = YES;
				CLANG_ENABLE_OBJC_ARC = YES;
				CLANG_ENABLE_OBJC_WEAK = YES;
				CLANG_WARN_BLOCK_CAPTURE_AUTORELEASING = YES;
				CLANG_WARN_BOOL_CONVERSION = YES;
				CLANG_WARN_COMMA = YES;
				CLANG_WARN_CONSTANT_CONVERSION = YES;
				CLANG_WARN_DEPRECATED_OBJC_IMPLEMENTATIONS = YES;
				CLANG_WARN_DIRECT_OBJC_ISA_USAGE = YES_ERROR;
				CLANG_WARN_DOCUMENTATION_COMMENTS = YES;
				CLANG_WARN_EMPTY_BODY = YES;
				CLANG_WARN_ENUM_CONVERSION = YES;
				CLANG_WARN_INFINITE_RECURSION = YES;
				CLANG_WARN_INT_CONVERSION = YES;
				CLANG_WARN_NON_LITERAL_NULL_CONVERSION = YES;
				CLANG_WARN_OBJC_IMPLICIT_RETAIN_SELF = YES;
				CLANG_WARN_OBJC_LITERAL_CONVERSION = YES;
				CLANG_WARN_OBJC_ROOT_CLASS = YES_ERROR;
				CLANG_WARN_QUOTED_INCLUDE_IN_FRAMEWORK_HEADER = YES;
				CLANG_WARN_RANGE_LOOP_ANALYSIS = YES;
				CLANG_WARN_STRICT_PROTOTYPES = YES;
				CLANG_WARN_SUSPICIOUS_MOVE = YES;
				CLANG_WARN_UNGUARDED_AVAILABILITY = YES_AGGRESSIVE;
				CLANG_WARN_UNREACHABLE_CODE = YES;
				CLANG_WARN__DUPLICATE_METHOD_MATCH = YES;
				COPY_PHASE_STRIP = NO;
				DEBUG_INFORMATION_FORMAT = dwarf;
				ENABLE_STRICT_OBJC_MSGSEND = YES;
				ENABLE_TESTABILITY = YES;
				GCC_C_LANGUAGE_STANDARD = gnu11;
				GCC_DYNAMIC_NO_PIC = NO;
				GCC_NO_COMMON_BLOCKS = YES;
				GCC_OPTIMIZATION_LEVEL = 0;
				GCC_PREPROCESSOR_DEFINITIONS = (
					"DEBUG=1",
					"$(inherited)",
				);
				GCC_WARN_64_TO_32_BIT_CONVERSION = YES;
				GCC_WARN_ABOUT_RETURN_TYPE = YES_ERROR;
				GCC_WARN_UNDECLARED_SELECTOR = YES;
				GCC_WARN_UNINITIALIZED_AUTOS = YES_AGGRESSIVE;
				GCC_WARN_UNUSED_FUNCTION = YES;
				GCC_WARN_UNUSED_VARIABLE = YES;
				IPHONEOS_DEPLOYMENT_TARGET = 12.0;
				MTL_ENABLE_DEBUG_INFO = INCLUDE_SOURCE;
				MTL_FAST_MATH = YES;
				ONLY_ACTIVE_ARCH = YES;
				SDKROOT = iphoneos;
				SWIFT_ACTIVE_COMPILATION_CONDITIONS = DEBUG;
				SWIFT_OPTIMIZATION_LEVEL = "-Onone";
			};
			name = Debug;
		};
		6AECFC522908136F0020B98A /* Release */ = {
			isa = XCBuildConfiguration;
			buildSettings = {
				ALWAYS_SEARCH_USER_PATHS = NO;
				CLANG_ANALYZER_NONNULL = YES;
				CLANG_ANALYZER_NUMBER_OBJECT_CONVERSION = YES_AGGRESSIVE;
				CLANG_CXX_LANGUAGE_STANDARD = "gnu++20";
				CLANG_ENABLE_MODULES = YES;
				CLANG_ENABLE_OBJC_ARC = YES;
				CLANG_ENABLE_OBJC_WEAK = YES;
				CLANG_WARN_BLOCK_CAPTURE_AUTORELEASING = YES;
				CLANG_WARN_BOOL_CONVERSION = YES;
				CLANG_WARN_COMMA = YES;
				CLANG_WARN_CONSTANT_CONVERSION = YES;
				CLANG_WARN_DEPRECATED_OBJC_IMPLEMENTATIONS = YES;
				CLANG_WARN_DIRECT_OBJC_ISA_USAGE = YES_ERROR;
				CLANG_WARN_DOCUMENTATION_COMMENTS = YES;
				CLANG_WARN_EMPTY_BODY = YES;
				CLANG_WARN_ENUM_CONVERSION = YES;
				CLANG_WARN_INFINITE_RECURSION = YES;
				CLANG_WARN_INT_CONVERSION = YES;
				CLANG_WARN_NON_LITERAL_NULL_CONVERSION = YES;
				CLANG_WARN_OBJC_IMPLICIT_RETAIN_SELF = YES;
				CLANG_WARN_OBJC_LITERAL_CONVERSION = YES;
				CLANG_WARN_OBJC_ROOT_CLASS = YES_ERROR;
				CLANG_WARN_QUOTED_INCLUDE_IN_FRAMEWORK_HEADER = YES;
				CLANG_WARN_RANGE_LOOP_ANALYSIS = YES;
				CLANG_WARN_STRICT_PROTOTYPES = YES;
				CLANG_WARN_SUSPICIOUS_MOVE = YES;
				CLANG_WARN_UNGUARDED_AVAILABILITY = YES_AGGRESSIVE;
				CLANG_WARN_UNREACHABLE_CODE = YES;
				CLANG_WARN__DUPLICATE_METHOD_MATCH = YES;
				COPY_PHASE_STRIP = NO;
				DEBUG_INFORMATION_FORMAT = "dwarf-with-dsym";
				ENABLE_NS_ASSERTIONS = NO;
				ENABLE_STRICT_OBJC_MSGSEND = YES;
				GCC_C_LANGUAGE_STANDARD = gnu11;
				GCC_NO_COMMON_BLOCKS = YES;
				GCC_WARN_64_TO_32_BIT_CONVERSION = YES;
				GCC_WARN_ABOUT_RETURN_TYPE = YES_ERROR;
				GCC_WARN_UNDECLARED_SELECTOR = YES;
				GCC_WARN_UNINITIALIZED_AUTOS = YES_AGGRESSIVE;
				GCC_WARN_UNUSED_FUNCTION = YES;
				GCC_WARN_UNUSED_VARIABLE = YES;
				IPHONEOS_DEPLOYMENT_TARGET = 12.0;
				MTL_ENABLE_DEBUG_INFO = NO;
				MTL_FAST_MATH = YES;
				SDKROOT = iphoneos;
				SWIFT_COMPILATION_MODE = wholemodule;
				SWIFT_OPTIMIZATION_LEVEL = "-O";
				VALIDATE_PRODUCT = YES;
			};
			name = Release;
		};
		6AECFC542908136F0020B98A /* Debug */ = {
			isa = XCBuildConfiguration;
			buildSettings = {
				ASSETCATALOG_COMPILER_APPICON_NAME = AppIcon;
				ASSETCATALOG_COMPILER_GLOBAL_ACCENT_COLOR_NAME = AccentColor;
				CODE_SIGN_IDENTITY = "Apple Development";
				CODE_SIGN_STYLE = Automatic;
				CURRENT_PROJECT_VERSION = 1;
				DEVELOPMENT_TEAM = "";
				GENERATE_INFOPLIST_FILE = YES;
				INFOPLIST_FILE = Pazaryeri/App/Info.plist;
				INFOPLIST_KEY_UIApplicationSupportsIndirectInputEvents = YES;
				INFOPLIST_KEY_UILaunchStoryboardName = LaunchScreen;
				INFOPLIST_KEY_UISupportedInterfaceOrientations = UIInterfaceOrientationPortrait;
				INFOPLIST_KEY_UISupportedInterfaceOrientations_iPad = "UIInterfaceOrientationLandscapeLeft UIInterfaceOrientationLandscapeRight UIInterfaceOrientationPortrait UIInterfaceOrientationPortraitUpsideDown";
				IPHONEOS_DEPLOYMENT_TARGET = 12.0;
				LD_RUNPATH_SEARCH_PATHS = (
					"$(inherited)",
					"@executable_path/Frameworks",
				);
				MARKETING_VERSION = 0.1;
				ONLY_ACTIVE_ARCH = YES;
				PRODUCT_BUNDLE_IDENTIFIER = com.oguzkaanaltun.Pazaryeri;
				PRODUCT_NAME = "$(TARGET_NAME)";
				PROVISIONING_PROFILE_SPECIFIER = "";
				SUPPORTED_PLATFORMS = "iphoneos iphonesimulator";
				SUPPORTS_MACCATALYST = NO;
				SUPPORTS_MAC_DESIGNED_FOR_IPHONE_IPAD = NO;
				SWIFT_EMIT_LOC_STRINGS = YES;
				SWIFT_VERSION = 5.0;
				TARGETED_DEVICE_FAMILY = 1;
			};
			name = Debug;
		};
		6AECFC552908136F0020B98A /* Release */ = {
			isa = XCBuildConfiguration;
			buildSettings = {
				ASSETCATALOG_COMPILER_APPICON_NAME = AppIcon;
				ASSETCATALOG_COMPILER_GLOBAL_ACCENT_COLOR_NAME = AccentColor;
				CODE_SIGN_IDENTITY = "Apple Development";
				CODE_SIGN_STYLE = Automatic;
				CURRENT_PROJECT_VERSION = 1;
				DEVELOPMENT_TEAM = "";
				GENERATE_INFOPLIST_FILE = YES;
				INFOPLIST_FILE = Pazaryeri/App/Info.plist;
				INFOPLIST_KEY_UIApplicationSupportsIndirectInputEvents = YES;
				INFOPLIST_KEY_UILaunchStoryboardName = LaunchScreen;
				INFOPLIST_KEY_UISupportedInterfaceOrientations = UIInterfaceOrientationPortrait;
				INFOPLIST_KEY_UISupportedInterfaceOrientations_iPad = "UIInterfaceOrientationLandscapeLeft UIInterfaceOrientationLandscapeRight UIInterfaceOrientationPortrait UIInterfaceOrientationPortraitUpsideDown";
				IPHONEOS_DEPLOYMENT_TARGET = 12.0;
				LD_RUNPATH_SEARCH_PATHS = (
					"$(inherited)",
					"@executable_path/Frameworks",
				);
				MARKETING_VERSION = 0.1;
				PRODUCT_BUNDLE_IDENTIFIER = com.oguzkaanaltun.Pazaryeri;
				PRODUCT_NAME = "$(TARGET_NAME)";
				PROVISIONING_PROFILE_SPECIFIER = "";
				SUPPORTED_PLATFORMS = "iphoneos iphonesimulator";
				SUPPORTS_MACCATALYST = NO;
				SUPPORTS_MAC_DESIGNED_FOR_IPHONE_IPAD = NO;
				SWIFT_EMIT_LOC_STRINGS = YES;
				SWIFT_VERSION = 5.0;
				TARGETED_DEVICE_FAMILY = 1;
			};
			name = Release;
		};
		6AECFC572908136F0020B98A /* Debug */ = {
			isa = XCBuildConfiguration;
			buildSettings = {
				ALWAYS_EMBED_SWIFT_STANDARD_LIBRARIES = YES;
				BUNDLE_LOADER = "$(TEST_HOST)";
				CODE_SIGN_STYLE = Automatic;
				CURRENT_PROJECT_VERSION = 1;
				GENERATE_INFOPLIST_FILE = YES;
				IPHONEOS_DEPLOYMENT_TARGET = 16.0;
				MARKETING_VERSION = 1.0;
				PRODUCT_BUNDLE_IDENTIFIER = com.oguzkaanaltun.PazaryeriTests;
				PRODUCT_NAME = "$(TARGET_NAME)";
				SWIFT_EMIT_LOC_STRINGS = NO;
				SWIFT_VERSION = 5.0;
				TARGETED_DEVICE_FAMILY = "1,2";
				TEST_HOST = "$(BUILT_PRODUCTS_DIR)/Pazaryeri.app/$(BUNDLE_EXECUTABLE_FOLDER_PATH)/Pazaryeri";
			};
			name = Debug;
		};
		6AECFC582908136F0020B98A /* Release */ = {
			isa = XCBuildConfiguration;
			buildSettings = {
				ALWAYS_EMBED_SWIFT_STANDARD_LIBRARIES = YES;
				BUNDLE_LOADER = "$(TEST_HOST)";
				CODE_SIGN_STYLE = Automatic;
				CURRENT_PROJECT_VERSION = 1;
				GENERATE_INFOPLIST_FILE = YES;
				IPHONEOS_DEPLOYMENT_TARGET = 16.0;
				MARKETING_VERSION = 1.0;
				PRODUCT_BUNDLE_IDENTIFIER = com.oguzkaanaltun.PazaryeriTests;
				PRODUCT_NAME = "$(TARGET_NAME)";
				SWIFT_EMIT_LOC_STRINGS = NO;
				SWIFT_VERSION = 5.0;
				TARGETED_DEVICE_FAMILY = "1,2";
				TEST_HOST = "$(BUILT_PRODUCTS_DIR)/Pazaryeri.app/$(BUNDLE_EXECUTABLE_FOLDER_PATH)/Pazaryeri";
			};
			name = Release;
		};
		6AECFC5A2908136F0020B98A /* Debug */ = {
			isa = XCBuildConfiguration;
			buildSettings = {
				ALWAYS_EMBED_SWIFT_STANDARD_LIBRARIES = YES;
				CODE_SIGN_STYLE = Automatic;
				CURRENT_PROJECT_VERSION = 1;
				GENERATE_INFOPLIST_FILE = YES;
				MARKETING_VERSION = 1.0;
				PRODUCT_BUNDLE_IDENTIFIER = com.oguzkaanaltun.PazaryeriUITests;
				PRODUCT_NAME = "$(TARGET_NAME)";
				SWIFT_EMIT_LOC_STRINGS = NO;
				SWIFT_VERSION = 5.0;
				TARGETED_DEVICE_FAMILY = "1,2";
				TEST_TARGET_NAME = Pazaryeri;
			};
			name = Debug;
		};
		6AECFC5B2908136F0020B98A /* Release */ = {
			isa = XCBuildConfiguration;
			buildSettings = {
				ALWAYS_EMBED_SWIFT_STANDARD_LIBRARIES = YES;
				CODE_SIGN_STYLE = Automatic;
				CURRENT_PROJECT_VERSION = 1;
				GENERATE_INFOPLIST_FILE = YES;
				MARKETING_VERSION = 1.0;
				PRODUCT_BUNDLE_IDENTIFIER = com.oguzkaanaltun.PazaryeriUITests;
				PRODUCT_NAME = "$(TARGET_NAME)";
				SWIFT_EMIT_LOC_STRINGS = NO;
				SWIFT_VERSION = 5.0;
				TARGETED_DEVICE_FAMILY = "1,2";
				TEST_TARGET_NAME = Pazaryeri;
			};
			name = Release;
		};
/* End XCBuildConfiguration section */

/* Begin XCConfigurationList section */
		6AECFC242908136E0020B98A /* Build configuration list for PBXProject "Pazaryeri" */ = {
			isa = XCConfigurationList;
			buildConfigurations = (
				6AECFC512908136F0020B98A /* Debug */,
				6AECFC522908136F0020B98A /* Release */,
			);
			defaultConfigurationIsVisible = 0;
			defaultConfigurationName = Release;
		};
		6AECFC532908136F0020B98A /* Build configuration list for PBXNativeTarget "Pazaryeri" */ = {
			isa = XCConfigurationList;
			buildConfigurations = (
				6AECFC542908136F0020B98A /* Debug */,
				6AECFC552908136F0020B98A /* Release */,
			);
			defaultConfigurationIsVisible = 0;
			defaultConfigurationName = Release;
		};
		6AECFC562908136F0020B98A /* Build configuration list for PBXNativeTarget "PazaryeriTests" */ = {
			isa = XCConfigurationList;
			buildConfigurations = (
				6AECFC572908136F0020B98A /* Debug */,
				6AECFC582908136F0020B98A /* Release */,
			);
			defaultConfigurationIsVisible = 0;
			defaultConfigurationName = Release;
		};
		6AECFC592908136F0020B98A /* Build configuration list for PBXNativeTarget "PazaryeriUITests" */ = {
			isa = XCConfigurationList;
			buildConfigurations = (
				6AECFC5A2908136F0020B98A /* Debug */,
				6AECFC5B2908136F0020B98A /* Release */,
			);
			defaultConfigurationIsVisible = 0;
			defaultConfigurationName = Release;
		};
/* End XCConfigurationList section */

/* Begin XCRemoteSwiftPackageReference section */
		6AE2EF4C2914022D0011F45E /* XCRemoteSwiftPackageReference "firebase-ios-sdk" */ = {
			isa = XCRemoteSwiftPackageReference;
			repositoryURL = "https://github.com/firebase/firebase-ios-sdk";
			requirement = {
				branch = master;
				kind = branch;
			};
		};
/* End XCRemoteSwiftPackageReference section */

/* Begin XCSwiftPackageProductDependency section */
		6AE2EF4D2914022D0011F45E /* FirebaseAuth */ = {
			isa = XCSwiftPackageProductDependency;
			package = 6AE2EF4C2914022D0011F45E /* XCRemoteSwiftPackageReference "firebase-ios-sdk" */;
			productName = FirebaseAuth;
		};
		6AE2EF4F2914022D0011F45E /* FirebaseFirestore */ = {
			isa = XCSwiftPackageProductDependency;
			package = 6AE2EF4C2914022D0011F45E /* XCRemoteSwiftPackageReference "firebase-ios-sdk" */;
			productName = FirebaseFirestore;
		};
		6AE2EF512914022D0011F45E /* FirebaseFirestoreSwift */ = {
			isa = XCSwiftPackageProductDependency;
			package = 6AE2EF4C2914022D0011F45E /* XCRemoteSwiftPackageReference "firebase-ios-sdk" */;
			productName = FirebaseFirestoreSwift;
		};
		6AE2EF532914022D0011F45E /* FirebaseRemoteConfig */ = {
			isa = XCSwiftPackageProductDependency;
			package = 6AE2EF4C2914022D0011F45E /* XCRemoteSwiftPackageReference "firebase-ios-sdk" */;
			productName = FirebaseRemoteConfig;
		};
		6AE2EF552914022D0011F45E /* FirebaseRemoteConfigSwift */ = {
			isa = XCSwiftPackageProductDependency;
			package = 6AE2EF4C2914022D0011F45E /* XCRemoteSwiftPackageReference "firebase-ios-sdk" */;
			productName = FirebaseRemoteConfigSwift;
		};
/* End XCSwiftPackageProductDependency section */
	};
	rootObject = 6AECFC212908136E0020B98A /* Project object */;
}
